// !$*UTF8*$!
{
	archiveVersion = 1;
	classes = {
	};
	objectVersion = 46;
	objects = {

/* Begin PBXBuildFile section */
		9D1DFEFA1C8DCE0A00F0A37C /* ReactiveCocoa.framework in Frameworks */ = {isa = PBXBuildFile; fileRef = 9D1DFEF71C8DCE0A00F0A37C /* ReactiveCocoa.framework */; };
		9D1DFEFB1C8DCE0A00F0A37C /* Result.framework in Frameworks */ = {isa = PBXBuildFile; fileRef = 9D1DFEF81C8DCE0A00F0A37C /* Result.framework */; };
		9D1DFEFC1C8DCE0A00F0A37C /* Rex.framework in Frameworks */ = {isa = PBXBuildFile; fileRef = 9D1DFEF91C8DCE0A00F0A37C /* Rex.framework */; };
		9D1DFEFF1C8DCF5300F0A37C /* CocoaLumberjack.framework in Frameworks */ = {isa = PBXBuildFile; fileRef = 9D1DFEFE1C8DCF5300F0A37C /* CocoaLumberjack.framework */; };
		9D1DFF021C8DCFB300F0A37C /* Nimble.framework in Frameworks */ = {isa = PBXBuildFile; fileRef = 9D1DFF001C8DCFB300F0A37C /* Nimble.framework */; };
		9D1DFF031C8DCFB300F0A37C /* Quick.framework in Frameworks */ = {isa = PBXBuildFile; fileRef = 9D1DFF011C8DCFB300F0A37C /* Quick.framework */; };
		9D1DFF051C8DCFC800F0A37C /* Nimble.framework in Copy Frameworks */ = {isa = PBXBuildFile; fileRef = 9D1DFF001C8DCFB300F0A37C /* Nimble.framework */; settings = {ATTRIBUTES = (CodeSignOnCopy, RemoveHeadersOnCopy, ); }; };
		9D1DFF061C8DCFC800F0A37C /* Quick.framework in Copy Frameworks */ = {isa = PBXBuildFile; fileRef = 9D1DFF011C8DCFB300F0A37C /* Quick.framework */; settings = {ATTRIBUTES = (CodeSignOnCopy, RemoveHeadersOnCopy, ); }; };
		9D72AA081C8DC7EA00BB4082 /* Authentication.h in Headers */ = {isa = PBXBuildFile; fileRef = 9D72AA071C8DC7EA00BB4082 /* Authentication.h */; settings = {ATTRIBUTES = (Public, ); }; };
		9D72AA0F1C8DC7EB00BB4082 /* Authentication.framework in Frameworks */ = {isa = PBXBuildFile; fileRef = 9D72AA041C8DC7EA00BB4082 /* Authentication.framework */; };
		9DC1F1561C94DC8C005FC65A /* CocoaLumberjack.framework in Copy Frameworks */ = {isa = PBXBuildFile; fileRef = 9D1DFEFE1C8DCF5300F0A37C /* CocoaLumberjack.framework */; settings = {ATTRIBUTES = (CodeSignOnCopy, RemoveHeadersOnCopy, ); }; };
		9DC1F1571C94DC8C005FC65A /* ReactiveCocoa.framework in Copy Frameworks */ = {isa = PBXBuildFile; fileRef = 9D1DFEF71C8DCE0A00F0A37C /* ReactiveCocoa.framework */; settings = {ATTRIBUTES = (CodeSignOnCopy, RemoveHeadersOnCopy, ); }; };
		9DC1F1581C94DC8C005FC65A /* Result.framework in Copy Frameworks */ = {isa = PBXBuildFile; fileRef = 9D1DFEF81C8DCE0A00F0A37C /* Result.framework */; settings = {ATTRIBUTES = (CodeSignOnCopy, RemoveHeadersOnCopy, ); }; };
		9DC1F1591C94DC8C005FC65A /* Rex.framework in Copy Frameworks */ = {isa = PBXBuildFile; fileRef = 9D1DFEF91C8DCE0A00F0A37C /* Rex.framework */; settings = {ATTRIBUTES = (CodeSignOnCopy, RemoveHeadersOnCopy, ); }; };
		CE040D741C99CDB40020DDE0 /* InlineValidator.swift in Sources */ = {isa = PBXBuildFile; fileRef = CE040D731C99CDB40020DDE0 /* InlineValidator.swift */; };
		CE040D761C99CE650020DDE0 /* TextInputValidatorType.swift in Sources */ = {isa = PBXBuildFile; fileRef = CE040D751C99CE650020DDE0 /* TextInputValidatorType.swift */; };
		CE040D7A1C99CEE10020DDE0 /* LengthValidators.swift in Sources */ = {isa = PBXBuildFile; fileRef = CE040D791C99CEE10020DDE0 /* LengthValidators.swift */; };
		CE11A7011C9848AE002C9779 /* LoginControllerDelegate.swift in Sources */ = {isa = PBXBuildFile; fileRef = CE11A7001C9848AE002C9779 /* LoginControllerDelegate.swift */; };
		CE2361321CAD97C200AFB6F2 /* LoginViewConfiguration.swift in Sources */ = {isa = PBXBuildFile; fileRef = CE2361311CAD97C200AFB6F2 /* LoginViewConfiguration.swift */; };
		CE2361341CAD983D00AFB6F2 /* ColorPalette.swift in Sources */ = {isa = PBXBuildFile; fileRef = CE2361331CAD983D00AFB6F2 /* ColorPalette.swift */; };
		CE2361361CADA0B200AFB6F2 /* FontPalette.swift in Sources */ = {isa = PBXBuildFile; fileRef = CE2361351CADA0B200AFB6F2 /* FontPalette.swift */; };
		CE2BB8C71C972819009CAC8F /* LoginControllerTests.swift in Sources */ = {isa = PBXBuildFile; fileRef = CE2BB8C61C972819009CAC8F /* LoginControllerTests.swift */; };
		CE2BC5261C970E51003A1616 /* MyUser.swift in Sources */ = {isa = PBXBuildFile; fileRef = CE2BC5251C970E51003A1616 /* MyUser.swift */; };
		CE2BC5281C970E89003A1616 /* MockSessionService.swift in Sources */ = {isa = PBXBuildFile; fileRef = CE2BC5271C970E89003A1616 /* MockSessionService.swift */; };
		CE9AC3C41C8F2F9E0012D20B /* RegisterController.swift in Sources */ = {isa = PBXBuildFile; fileRef = CE9AC3C31C8F2F9E0012D20B /* RegisterController.swift */; };
		CE9AC3C61C8F34A70012D20B /* AuthenticationBootstrapper.swift in Sources */ = {isa = PBXBuildFile; fileRef = CE9AC3C51C8F34A70012D20B /* AuthenticationBootstrapper.swift */; };
		CEB119181CA2E43B0049DABF /* LoginConfiguration.swift in Sources */ = {isa = PBXBuildFile; fileRef = CEB119171CA2E43B0049DABF /* LoginConfiguration.swift */; };
		CEB1191A1CA2EB3B0049DABF /* MockLoginTransitionDelegate.swift in Sources */ = {isa = PBXBuildFile; fileRef = CEB119191CA2EB3B0049DABF /* MockLoginTransitionDelegate.swift */; };
		CEB1191C1CA2F39D0049DABF /* RegistrationServiceType.swift in Sources */ = {isa = PBXBuildFile; fileRef = CEB1191B1CA2F39D0049DABF /* RegistrationServiceType.swift */; };
		CEB119201CA315000049DABF /* SignupCredentialsValidator.swift in Sources */ = {isa = PBXBuildFile; fileRef = CEB1191F1CA315000049DABF /* SignupCredentialsValidator.swift */; };
		CEBF66BA1C8DD582006EE090 /* LoginView.swift in Sources */ = {isa = PBXBuildFile; fileRef = CEBF66B91C8DD582006EE090 /* LoginView.swift */; };
		CEBF66BE1C8DDA9E006EE090 /* SessionServiceType.swift in Sources */ = {isa = PBXBuildFile; fileRef = CEBF66BD1C8DDA9E006EE090 /* SessionServiceType.swift */; };
		CEBF66C61C8DF0DD006EE090 /* Extensions.swift in Sources */ = {isa = PBXBuildFile; fileRef = CEBF66C51C8DF0DD006EE090 /* Extensions.swift */; };
		CEBF66C81C8DFCB1006EE090 /* LoginViewModel.swift in Sources */ = {isa = PBXBuildFile; fileRef = CEBF66C71C8DFCB1006EE090 /* LoginViewModel.swift */; };
		CEBF66CA1C8DFFF2006EE090 /* LoginCredentialsValidator.swift in Sources */ = {isa = PBXBuildFile; fileRef = CEBF66C91C8DFFF2006EE090 /* LoginCredentialsValidator.swift */; };
		CEBF66CE1C8E089D006EE090 /* LoginController.swift in Sources */ = {isa = PBXBuildFile; fileRef = CEBF66CD1C8E089D006EE090 /* LoginController.swift */; };
		CEBF66D01C8E0A6E006EE090 /* Email.swift in Sources */ = {isa = PBXBuildFile; fileRef = CEBF66CF1C8E0A6E006EE090 /* Email.swift */; };
		CEBF66D21C8E0A80006EE090 /* User.swift in Sources */ = {isa = PBXBuildFile; fileRef = CEBF66D11C8E0A80006EE090 /* User.swift */; };
		CED63F331C9AFFAB0092F323 /* LoginView.xib in Resources */ = {isa = PBXBuildFile; fileRef = CED63F321C9AFFAB0092F323 /* LoginView.xib */; };
		CEE226A61C9C3CEA005EB279 /* RecoverPasswordController.swift in Sources */ = {isa = PBXBuildFile; fileRef = CEE226A51C9C3CEA005EB279 /* RecoverPasswordController.swift */; };
		CEE226A71C9C4011005EB279 /* Localizable.strings in Resources */ = {isa = PBXBuildFile; fileRef = CEE226A91C9C4011005EB279 /* Localizable.strings */; };
		CEE226AA1C9C4018005EB279 /* Spanish(es).strings in Resources */ = {isa = PBXBuildFile; fileRef = CEE226AC1C9C4018005EB279 /* Spanish(es).strings */; };
		CEE226B31C9C75CC005EB279 /* RegisterViewModel.swift in Sources */ = {isa = PBXBuildFile; fileRef = CEE226B21C9C75CC005EB279 /* RegisterViewModel.swift */; };
		CEE226B51C9C7692005EB279 /* RegisterView.swift in Sources */ = {isa = PBXBuildFile; fileRef = CEE226B41C9C7692005EB279 /* RegisterView.swift */; };
		CEE226B71C9C7FA4005EB279 /* LoginViewDelegate.swift in Sources */ = {isa = PBXBuildFile; fileRef = CEE226B61C9C7FA4005EB279 /* LoginViewDelegate.swift */; };
		CEE4048D1C9A040B00AB70B3 /* EmailValidator.swift in Sources */ = {isa = PBXBuildFile; fileRef = CEE4048C1C9A040B00AB70B3 /* EmailValidator.swift */; };
		CEE4048F1C9A043200AB70B3 /* CompositeValidator.swift in Sources */ = {isa = PBXBuildFile; fileRef = CEE4048E1C9A043200AB70B3 /* CompositeValidator.swift */; };
		CEE404A11C9A067D00AB70B3 /* AnyInputTextValidatorTests.swift in Sources */ = {isa = PBXBuildFile; fileRef = CEE4049B1C9A067D00AB70B3 /* AnyInputTextValidatorTests.swift */; };
		CEE404A21C9A067D00AB70B3 /* CompositeValidatorTests.swift in Sources */ = {isa = PBXBuildFile; fileRef = CEE4049C1C9A067D00AB70B3 /* CompositeValidatorTests.swift */; };
		CEE404A31C9A067D00AB70B3 /* EmailValidatorTests.swift in Sources */ = {isa = PBXBuildFile; fileRef = CEE4049D1C9A067D00AB70B3 /* EmailValidatorTests.swift */; };
		CEE404A41C9A067D00AB70B3 /* MaxLengthValidatorTests.swift in Sources */ = {isa = PBXBuildFile; fileRef = CEE4049E1C9A067D00AB70B3 /* MaxLengthValidatorTests.swift */; };
		CEE404A51C9A067D00AB70B3 /* MinLengthValidatorTests.swift in Sources */ = {isa = PBXBuildFile; fileRef = CEE4049F1C9A067D00AB70B3 /* MinLengthValidatorTests.swift */; };
		CEE404A61C9A067D00AB70B3 /* NonEmptyValidatorTests.swift in Sources */ = {isa = PBXBuildFile; fileRef = CEE404A01C9A067D00AB70B3 /* NonEmptyValidatorTests.swift */; };
		CEE94A901CA06B1B0089E71B /* AppDelegate.swift in Sources */ = {isa = PBXBuildFile; fileRef = CEE94A8F1CA06B1B0089E71B /* AppDelegate.swift */; };
		CEE94A971CA06B1B0089E71B /* Assets.xcassets in Resources */ = {isa = PBXBuildFile; fileRef = CEE94A961CA06B1B0089E71B /* Assets.xcassets */; };
		CEE94AA11CA06BBC0089E71B /* ExampleMainViewController.swift in Sources */ = {isa = PBXBuildFile; fileRef = CEE94A9F1CA06BBC0089E71B /* ExampleMainViewController.swift */; };
		CEE94AA21CA06BBC0089E71B /* ExampleSessionService.swift in Sources */ = {isa = PBXBuildFile; fileRef = CEE94AA01CA06BBC0089E71B /* ExampleSessionService.swift */; };
		CEE94AA71CA06C3C0089E71B /* LaunchScreen.storyboard in Resources */ = {isa = PBXBuildFile; fileRef = CEE94AA31CA06C3C0089E71B /* LaunchScreen.storyboard */; };
		CEE94AA81CA06C3C0089E71B /* Main.storyboard in Resources */ = {isa = PBXBuildFile; fileRef = CEE94AA51CA06C3C0089E71B /* Main.storyboard */; };
		CEE94AA91CA06C520089E71B /* Localizable.strings in Resources */ = {isa = PBXBuildFile; fileRef = CEE226A91C9C4011005EB279 /* Localizable.strings */; };
		CEE94AAA1CA06C570089E71B /* Spanish(es).strings in Resources */ = {isa = PBXBuildFile; fileRef = CEE226AC1C9C4018005EB279 /* Spanish(es).strings */; };
		CEE94AAB1CA06C6E0089E71B /* ReactiveCocoa.framework in Frameworks */ = {isa = PBXBuildFile; fileRef = 9D1DFEF71C8DCE0A00F0A37C /* ReactiveCocoa.framework */; };
		CEE94AAC1CA06C6E0089E71B /* ReactiveCocoa.framework in Embed Frameworks */ = {isa = PBXBuildFile; fileRef = 9D1DFEF71C8DCE0A00F0A37C /* ReactiveCocoa.framework */; settings = {ATTRIBUTES = (CodeSignOnCopy, RemoveHeadersOnCopy, ); }; };
		CEE94AAD1CA06C6E0089E71B /* Result.framework in Frameworks */ = {isa = PBXBuildFile; fileRef = 9D1DFEF81C8DCE0A00F0A37C /* Result.framework */; };
		CEE94AAE1CA06C6E0089E71B /* Result.framework in Embed Frameworks */ = {isa = PBXBuildFile; fileRef = 9D1DFEF81C8DCE0A00F0A37C /* Result.framework */; settings = {ATTRIBUTES = (CodeSignOnCopy, RemoveHeadersOnCopy, ); }; };
		CEE94AB41CA06D5F0089E71B /* UIExtensions.swift in Sources */ = {isa = PBXBuildFile; fileRef = CEE94AB31CA06D5F0089E71B /* UIExtensions.swift */; };
		CEFB5F831C91C52500760A2A /* LoginViewModelTests.swift in Sources */ = {isa = PBXBuildFile; fileRef = CEFB5F821C91C52500760A2A /* LoginViewModelTests.swift */; };
/* End PBXBuildFile section */

/* Begin PBXContainerItemProxy section */
		9D72AA101C8DC7EB00BB4082 /* PBXContainerItemProxy */ = {
			isa = PBXContainerItemProxy;
			containerPortal = 9D72A9FB1C8DC7EA00BB4082 /* Project object */;
			proxyType = 1;
			remoteGlobalIDString = 9D72AA031C8DC7EA00BB4082;
			remoteInfo = Authentication;
		};
		CEE94AB01CA06C780089E71B /* PBXContainerItemProxy */ = {
			isa = PBXContainerItemProxy;
			containerPortal = 9D72A9FB1C8DC7EA00BB4082 /* Project object */;
			proxyType = 1;
			remoteGlobalIDString = 9D72AA031C8DC7EA00BB4082;
			remoteInfo = Authentication;
		};
/* End PBXContainerItemProxy section */

/* Begin PBXCopyFilesBuildPhase section */
		9D1DFF041C8DCFC100F0A37C /* Copy Frameworks */ = {
			isa = PBXCopyFilesBuildPhase;
			buildActionMask = 2147483647;
			dstPath = "";
			dstSubfolderSpec = 10;
			files = (
				9DC1F1561C94DC8C005FC65A /* CocoaLumberjack.framework in Copy Frameworks */,
				9DC1F1571C94DC8C005FC65A /* ReactiveCocoa.framework in Copy Frameworks */,
				9DC1F1581C94DC8C005FC65A /* Result.framework in Copy Frameworks */,
				9DC1F1591C94DC8C005FC65A /* Rex.framework in Copy Frameworks */,
				9D1DFF051C8DCFC800F0A37C /* Nimble.framework in Copy Frameworks */,
				9D1DFF061C8DCFC800F0A37C /* Quick.framework in Copy Frameworks */,
			);
			name = "Copy Frameworks";
			runOnlyForDeploymentPostprocessing = 0;
		};
		CEE94AAF1CA06C6E0089E71B /* Embed Frameworks */ = {
			isa = PBXCopyFilesBuildPhase;
			buildActionMask = 2147483647;
			dstPath = "";
			dstSubfolderSpec = 10;
			files = (
				CEE94AAC1CA06C6E0089E71B /* ReactiveCocoa.framework in Embed Frameworks */,
				CEE94AAE1CA06C6E0089E71B /* Result.framework in Embed Frameworks */,
			);
			name = "Embed Frameworks";
			runOnlyForDeploymentPostprocessing = 0;
		};
/* End PBXCopyFilesBuildPhase section */

/* Begin PBXFileReference section */
		9D1DFEF71C8DCE0A00F0A37C /* ReactiveCocoa.framework */ = {isa = PBXFileReference; lastKnownFileType = wrapper.framework; name = ReactiveCocoa.framework; path = Carthage/Build/iOS/ReactiveCocoa.framework; sourceTree = "<group>"; };
		9D1DFEF81C8DCE0A00F0A37C /* Result.framework */ = {isa = PBXFileReference; lastKnownFileType = wrapper.framework; name = Result.framework; path = Carthage/Build/iOS/Result.framework; sourceTree = "<group>"; };
		9D1DFEF91C8DCE0A00F0A37C /* Rex.framework */ = {isa = PBXFileReference; lastKnownFileType = wrapper.framework; name = Rex.framework; path = Carthage/Build/iOS/Rex.framework; sourceTree = "<group>"; };
		9D1DFEFE1C8DCF5300F0A37C /* CocoaLumberjack.framework */ = {isa = PBXFileReference; lastKnownFileType = wrapper.framework; name = CocoaLumberjack.framework; path = Carthage/Build/iOS/CocoaLumberjack.framework; sourceTree = "<group>"; };
		9D1DFF001C8DCFB300F0A37C /* Nimble.framework */ = {isa = PBXFileReference; lastKnownFileType = wrapper.framework; name = Nimble.framework; path = Carthage/Build/iOS/Nimble.framework; sourceTree = "<group>"; };
		9D1DFF011C8DCFB300F0A37C /* Quick.framework */ = {isa = PBXFileReference; lastKnownFileType = wrapper.framework; name = Quick.framework; path = Carthage/Build/iOS/Quick.framework; sourceTree = "<group>"; };
		9D72AA041C8DC7EA00BB4082 /* Authentication.framework */ = {isa = PBXFileReference; explicitFileType = wrapper.framework; includeInIndex = 0; path = Authentication.framework; sourceTree = BUILT_PRODUCTS_DIR; };
		9D72AA071C8DC7EA00BB4082 /* Authentication.h */ = {isa = PBXFileReference; lastKnownFileType = sourcecode.c.h; path = Authentication.h; sourceTree = "<group>"; };
		9D72AA091C8DC7EA00BB4082 /* Info.plist */ = {isa = PBXFileReference; lastKnownFileType = text.plist.xml; path = Info.plist; sourceTree = "<group>"; };
		9D72AA0E1C8DC7EB00BB4082 /* AuthenticationTests.xctest */ = {isa = PBXFileReference; explicitFileType = wrapper.cfbundle; includeInIndex = 0; path = AuthenticationTests.xctest; sourceTree = BUILT_PRODUCTS_DIR; };
		9D72AA151C8DC7EB00BB4082 /* Info.plist */ = {isa = PBXFileReference; lastKnownFileType = text.plist.xml; path = Info.plist; sourceTree = "<group>"; };
		CE040D731C99CDB40020DDE0 /* InlineValidator.swift */ = {isa = PBXFileReference; fileEncoding = 4; lastKnownFileType = sourcecode.swift; name = InlineValidator.swift; path = Validators/InlineValidator.swift; sourceTree = "<group>"; };
		CE040D751C99CE650020DDE0 /* TextInputValidatorType.swift */ = {isa = PBXFileReference; fileEncoding = 4; lastKnownFileType = sourcecode.swift; name = TextInputValidatorType.swift; path = Validators/TextInputValidatorType.swift; sourceTree = "<group>"; };
		CE040D791C99CEE10020DDE0 /* LengthValidators.swift */ = {isa = PBXFileReference; fileEncoding = 4; lastKnownFileType = sourcecode.swift; name = LengthValidators.swift; path = Validators/LengthValidators.swift; sourceTree = "<group>"; };
		CE11A7001C9848AE002C9779 /* LoginControllerDelegate.swift */ = {isa = PBXFileReference; fileEncoding = 4; lastKnownFileType = sourcecode.swift; name = LoginControllerDelegate.swift; path = LogIn/View/LoginControllerDelegate.swift; sourceTree = "<group>"; };
		CE2361311CAD97C200AFB6F2 /* LoginViewConfiguration.swift */ = {isa = PBXFileReference; fileEncoding = 4; lastKnownFileType = sourcecode.swift; name = LoginViewConfiguration.swift; path = Login/View/LoginViewConfiguration.swift; sourceTree = "<group>"; };
		CE2361331CAD983D00AFB6F2 /* ColorPalette.swift */ = {isa = PBXFileReference; fileEncoding = 4; lastKnownFileType = sourcecode.swift; name = ColorPalette.swift; path = Login/Model/ColorPalette.swift; sourceTree = "<group>"; };
		CE2361351CADA0B200AFB6F2 /* FontPalette.swift */ = {isa = PBXFileReference; fileEncoding = 4; lastKnownFileType = sourcecode.swift; name = FontPalette.swift; path = Login/Model/FontPalette.swift; sourceTree = "<group>"; };
		CE2BB8C61C972819009CAC8F /* LoginControllerTests.swift */ = {isa = PBXFileReference; fileEncoding = 4; lastKnownFileType = sourcecode.swift; name = LoginControllerTests.swift; path = LogIn/LoginControllerTests.swift; sourceTree = "<group>"; };
		CE2BC5251C970E51003A1616 /* MyUser.swift */ = {isa = PBXFileReference; fileEncoding = 4; lastKnownFileType = sourcecode.swift; name = MyUser.swift; path = LogIn/Mocks/MyUser.swift; sourceTree = "<group>"; };
		CE2BC5271C970E89003A1616 /* MockSessionService.swift */ = {isa = PBXFileReference; fileEncoding = 4; lastKnownFileType = sourcecode.swift; name = MockSessionService.swift; path = LogIn/Mocks/MockSessionService.swift; sourceTree = "<group>"; };
		CE9AC3C31C8F2F9E0012D20B /* RegisterController.swift */ = {isa = PBXFileReference; fileEncoding = 4; lastKnownFileType = sourcecode.swift; name = RegisterController.swift; path = SignUp/View/RegisterController.swift; sourceTree = "<group>"; };
		CE9AC3C51C8F34A70012D20B /* AuthenticationBootstrapper.swift */ = {isa = PBXFileReference; fileEncoding = 4; lastKnownFileType = sourcecode.swift; path = AuthenticationBootstrapper.swift; sourceTree = "<group>"; };
		CEB119171CA2E43B0049DABF /* LoginConfiguration.swift */ = {isa = PBXFileReference; fileEncoding = 4; lastKnownFileType = sourcecode.swift; name = LoginConfiguration.swift; path = Login/View/LoginConfiguration.swift; sourceTree = "<group>"; };
		CEB119191CA2EB3B0049DABF /* MockLoginTransitionDelegate.swift */ = {isa = PBXFileReference; fileEncoding = 4; lastKnownFileType = sourcecode.swift; name = MockLoginTransitionDelegate.swift; path = Login/Mocks/MockLoginTransitionDelegate.swift; sourceTree = "<group>"; };
		CEB1191B1CA2F39D0049DABF /* RegistrationServiceType.swift */ = {isa = PBXFileReference; fileEncoding = 4; lastKnownFileType = sourcecode.swift; name = RegistrationServiceType.swift; path = SignUp/ViewModel/RegistrationServiceType.swift; sourceTree = "<group>"; };
		CEB1191F1CA315000049DABF /* SignupCredentialsValidator.swift */ = {isa = PBXFileReference; fileEncoding = 4; lastKnownFileType = sourcecode.swift; name = SignupCredentialsValidator.swift; path = SignUp/ViewModel/SignupCredentialsValidator.swift; sourceTree = "<group>"; };
		CEBF66B91C8DD582006EE090 /* LoginView.swift */ = {isa = PBXFileReference; fileEncoding = 4; lastKnownFileType = sourcecode.swift; name = LoginView.swift; path = LogIn/View/LoginView.swift; sourceTree = "<group>"; };
		CEBF66BD1C8DDA9E006EE090 /* SessionServiceType.swift */ = {isa = PBXFileReference; fileEncoding = 4; lastKnownFileType = sourcecode.swift; name = SessionServiceType.swift; path = LogIn/ViewModel/SessionServiceType.swift; sourceTree = "<group>"; };
		CEBF66C51C8DF0DD006EE090 /* Extensions.swift */ = {isa = PBXFileReference; fileEncoding = 4; lastKnownFileType = sourcecode.swift; path = Extensions.swift; sourceTree = "<group>"; };
		CEBF66C71C8DFCB1006EE090 /* LoginViewModel.swift */ = {isa = PBXFileReference; fileEncoding = 4; lastKnownFileType = sourcecode.swift; name = LoginViewModel.swift; path = LogIn/ViewModel/LoginViewModel.swift; sourceTree = "<group>"; };
		CEBF66C91C8DFFF2006EE090 /* LoginCredentialsValidator.swift */ = {isa = PBXFileReference; fileEncoding = 4; lastKnownFileType = sourcecode.swift; name = LoginCredentialsValidator.swift; path = Login/ViewModel/LoginCredentialsValidator.swift; sourceTree = "<group>"; };
		CEBF66CD1C8E089D006EE090 /* LoginController.swift */ = {isa = PBXFileReference; fileEncoding = 4; lastKnownFileType = sourcecode.swift; name = LoginController.swift; path = LogIn/View/LoginController.swift; sourceTree = "<group>"; };
		CEBF66CF1C8E0A6E006EE090 /* Email.swift */ = {isa = PBXFileReference; fileEncoding = 4; lastKnownFileType = sourcecode.swift; name = Email.swift; path = LogIn/Model/Email.swift; sourceTree = "<group>"; };
		CEBF66D11C8E0A80006EE090 /* User.swift */ = {isa = PBXFileReference; fileEncoding = 4; lastKnownFileType = sourcecode.swift; name = User.swift; path = LogIn/Model/User.swift; sourceTree = "<group>"; };
		CED63F321C9AFFAB0092F323 /* LoginView.xib */ = {isa = PBXFileReference; fileEncoding = 4; lastKnownFileType = file.xib; name = LoginView.xib; path = Login/View/LoginView.xib; sourceTree = "<group>"; };
		CEE226A51C9C3CEA005EB279 /* RecoverPasswordController.swift */ = {isa = PBXFileReference; fileEncoding = 4; lastKnownFileType = sourcecode.swift; name = RecoverPasswordController.swift; path = RecoverPassword/RecoverPasswordController.swift; sourceTree = "<group>"; };
		CEE226A81C9C4011005EB279 /* en */ = {isa = PBXFileReference; lastKnownFileType = text.plist.strings; name = en; path = en.lproj/Localizable.strings; sourceTree = "<group>"; };
		CEE226AB1C9C4018005EB279 /* es */ = {isa = PBXFileReference; lastKnownFileType = text.plist.strings; name = es; path = "es.lproj/Spanish(es).strings"; sourceTree = "<group>"; };
		CEE226AF1C9C726F005EB279 /* Base */ = {isa = PBXFileReference; lastKnownFileType = text.plist.strings; name = Base; path = Base.lproj/Localizable.strings; sourceTree = "<group>"; };
		CEE226B21C9C75CC005EB279 /* RegisterViewModel.swift */ = {isa = PBXFileReference; fileEncoding = 4; lastKnownFileType = sourcecode.swift; name = RegisterViewModel.swift; path = SignUp/ViewModel/RegisterViewModel.swift; sourceTree = "<group>"; };
		CEE226B41C9C7692005EB279 /* RegisterView.swift */ = {isa = PBXFileReference; fileEncoding = 4; lastKnownFileType = sourcecode.swift; name = RegisterView.swift; path = SignUp/View/RegisterView.swift; sourceTree = "<group>"; };
		CEE226B61C9C7FA4005EB279 /* LoginViewDelegate.swift */ = {isa = PBXFileReference; fileEncoding = 4; lastKnownFileType = sourcecode.swift; name = LoginViewDelegate.swift; path = Login/View/LoginViewDelegate.swift; sourceTree = "<group>"; };
		CEE4048C1C9A040B00AB70B3 /* EmailValidator.swift */ = {isa = PBXFileReference; fileEncoding = 4; lastKnownFileType = sourcecode.swift; name = EmailValidator.swift; path = Validators/EmailValidator.swift; sourceTree = "<group>"; };
		CEE4048E1C9A043200AB70B3 /* CompositeValidator.swift */ = {isa = PBXFileReference; fileEncoding = 4; lastKnownFileType = sourcecode.swift; name = CompositeValidator.swift; path = Validators/CompositeValidator.swift; sourceTree = "<group>"; };
		CEE4049B1C9A067D00AB70B3 /* AnyInputTextValidatorTests.swift */ = {isa = PBXFileReference; fileEncoding = 4; lastKnownFileType = sourcecode.swift; name = AnyInputTextValidatorTests.swift; path = Validators/AnyInputTextValidatorTests.swift; sourceTree = "<group>"; };
		CEE4049C1C9A067D00AB70B3 /* CompositeValidatorTests.swift */ = {isa = PBXFileReference; fileEncoding = 4; lastKnownFileType = sourcecode.swift; name = CompositeValidatorTests.swift; path = Validators/CompositeValidatorTests.swift; sourceTree = "<group>"; };
		CEE4049D1C9A067D00AB70B3 /* EmailValidatorTests.swift */ = {isa = PBXFileReference; fileEncoding = 4; lastKnownFileType = sourcecode.swift; name = EmailValidatorTests.swift; path = Validators/EmailValidatorTests.swift; sourceTree = "<group>"; };
		CEE4049E1C9A067D00AB70B3 /* MaxLengthValidatorTests.swift */ = {isa = PBXFileReference; fileEncoding = 4; lastKnownFileType = sourcecode.swift; name = MaxLengthValidatorTests.swift; path = Validators/MaxLengthValidatorTests.swift; sourceTree = "<group>"; };
		CEE4049F1C9A067D00AB70B3 /* MinLengthValidatorTests.swift */ = {isa = PBXFileReference; fileEncoding = 4; lastKnownFileType = sourcecode.swift; name = MinLengthValidatorTests.swift; path = Validators/MinLengthValidatorTests.swift; sourceTree = "<group>"; };
		CEE404A01C9A067D00AB70B3 /* NonEmptyValidatorTests.swift */ = {isa = PBXFileReference; fileEncoding = 4; lastKnownFileType = sourcecode.swift; name = NonEmptyValidatorTests.swift; path = Validators/NonEmptyValidatorTests.swift; sourceTree = "<group>"; };
		CEE94A8D1CA06B1B0089E71B /* AuthenticationDemo.app */ = {isa = PBXFileReference; explicitFileType = wrapper.application; includeInIndex = 0; path = AuthenticationDemo.app; sourceTree = BUILT_PRODUCTS_DIR; };
		CEE94A8F1CA06B1B0089E71B /* AppDelegate.swift */ = {isa = PBXFileReference; lastKnownFileType = sourcecode.swift; path = AppDelegate.swift; sourceTree = "<group>"; };
		CEE94A961CA06B1B0089E71B /* Assets.xcassets */ = {isa = PBXFileReference; lastKnownFileType = folder.assetcatalog; path = Assets.xcassets; sourceTree = "<group>"; };
		CEE94A9B1CA06B1B0089E71B /* Info.plist */ = {isa = PBXFileReference; lastKnownFileType = text.plist.xml; path = Info.plist; sourceTree = "<group>"; };
		CEE94A9F1CA06BBC0089E71B /* ExampleMainViewController.swift */ = {isa = PBXFileReference; fileEncoding = 4; lastKnownFileType = sourcecode.swift; path = ExampleMainViewController.swift; sourceTree = "<group>"; };
		CEE94AA01CA06BBC0089E71B /* ExampleSessionService.swift */ = {isa = PBXFileReference; fileEncoding = 4; lastKnownFileType = sourcecode.swift; path = ExampleSessionService.swift; sourceTree = "<group>"; };
		CEE94AA41CA06C3C0089E71B /* Base */ = {isa = PBXFileReference; lastKnownFileType = file.storyboard; name = Base; path = Base.lproj/LaunchScreen.storyboard; sourceTree = "<group>"; };
		CEE94AA61CA06C3C0089E71B /* Base */ = {isa = PBXFileReference; lastKnownFileType = file.storyboard; name = Base; path = Base.lproj/Main.storyboard; sourceTree = "<group>"; };
		CEE94AB31CA06D5F0089E71B /* UIExtensions.swift */ = {isa = PBXFileReference; fileEncoding = 4; lastKnownFileType = sourcecode.swift; path = UIExtensions.swift; sourceTree = "<group>"; };
		CEF7252B1CA1ADE400A4215A /* en */ = {isa = PBXFileReference; lastKnownFileType = text.plist.strings; name = en; path = en.lproj/LaunchScreen.strings; sourceTree = "<group>"; };
		CEF7252C1CA1ADEB00A4215A /* es */ = {isa = PBXFileReference; lastKnownFileType = text.plist.strings; name = es; path = es.lproj/LaunchScreen.strings; sourceTree = "<group>"; };
		CEF7252E1CA1ADEF00A4215A /* en */ = {isa = PBXFileReference; lastKnownFileType = text.plist.strings; name = en; path = en.lproj/Main.strings; sourceTree = "<group>"; };
		CEF7252F1CA1ADF000A4215A /* es */ = {isa = PBXFileReference; lastKnownFileType = text.plist.strings; name = es; path = es.lproj/Main.strings; sourceTree = "<group>"; };
		CEFB5F811C91C52400760A2A /* AuthenticationTests-Bridging-Header.h */ = {isa = PBXFileReference; lastKnownFileType = sourcecode.c.h; path = "AuthenticationTests-Bridging-Header.h"; sourceTree = "<group>"; };
		CEFB5F821C91C52500760A2A /* LoginViewModelTests.swift */ = {isa = PBXFileReference; fileEncoding = 4; lastKnownFileType = sourcecode.swift; name = LoginViewModelTests.swift; path = LogIn/LoginViewModelTests.swift; sourceTree = "<group>"; };
/* End PBXFileReference section */

/* Begin PBXFrameworksBuildPhase section */
		9D72AA001C8DC7EA00BB4082 /* Frameworks */ = {
			isa = PBXFrameworksBuildPhase;
			buildActionMask = 2147483647;
			files = (
				9D1DFEFA1C8DCE0A00F0A37C /* ReactiveCocoa.framework in Frameworks */,
				9D1DFEFC1C8DCE0A00F0A37C /* Rex.framework in Frameworks */,
				9D1DFEFF1C8DCF5300F0A37C /* CocoaLumberjack.framework in Frameworks */,
				9D1DFEFB1C8DCE0A00F0A37C /* Result.framework in Frameworks */,
			);
			runOnlyForDeploymentPostprocessing = 0;
		};
		9D72AA0B1C8DC7EA00BB4082 /* Frameworks */ = {
			isa = PBXFrameworksBuildPhase;
			buildActionMask = 2147483647;
			files = (
				9D1DFF021C8DCFB300F0A37C /* Nimble.framework in Frameworks */,
				9D1DFF031C8DCFB300F0A37C /* Quick.framework in Frameworks */,
				9D72AA0F1C8DC7EB00BB4082 /* Authentication.framework in Frameworks */,
			);
			runOnlyForDeploymentPostprocessing = 0;
		};
		CEE94A8A1CA06B1B0089E71B /* Frameworks */ = {
			isa = PBXFrameworksBuildPhase;
			buildActionMask = 2147483647;
			files = (
				CEE94AAB1CA06C6E0089E71B /* ReactiveCocoa.framework in Frameworks */,
				CEE94AAD1CA06C6E0089E71B /* Result.framework in Frameworks */,
			);
			runOnlyForDeploymentPostprocessing = 0;
		};
/* End PBXFrameworksBuildPhase section */

/* Begin PBXGroup section */
		9D1DFEF61C8DCDF600F0A37C /* Frameworks */ = {
			isa = PBXGroup;
			children = (
				9D1DFF001C8DCFB300F0A37C /* Nimble.framework */,
				9D1DFF011C8DCFB300F0A37C /* Quick.framework */,
				9D1DFEFE1C8DCF5300F0A37C /* CocoaLumberjack.framework */,
				9D1DFEF71C8DCE0A00F0A37C /* ReactiveCocoa.framework */,
				9D1DFEF81C8DCE0A00F0A37C /* Result.framework */,
				9D1DFEF91C8DCE0A00F0A37C /* Rex.framework */,
			);
			name = Frameworks;
			sourceTree = "<group>";
		};
		9D72A9FA1C8DC7EA00BB4082 = {
			isa = PBXGroup;
			children = (
				CEE94A8E1CA06B1B0089E71B /* AuthenticationDemo */,
				9D1DFEF61C8DCDF600F0A37C /* Frameworks */,
				9D72AA061C8DC7EA00BB4082 /* Authentication */,
				9D72AA121C8DC7EB00BB4082 /* AuthenticationTests */,
				9D72AA051C8DC7EA00BB4082 /* Products */,
			);
			sourceTree = "<group>";
		};
		9D72AA051C8DC7EA00BB4082 /* Products */ = {
			isa = PBXGroup;
			children = (
				9D72AA041C8DC7EA00BB4082 /* Authentication.framework */,
				9D72AA0E1C8DC7EB00BB4082 /* AuthenticationTests.xctest */,
				CEE94A8D1CA06B1B0089E71B /* AuthenticationDemo.app */,
			);
			name = Products;
			sourceTree = "<group>";
		};
		9D72AA061C8DC7EA00BB4082 /* Authentication */ = {
			isa = PBXGroup;
			children = (
				CEE226A91C9C4011005EB279 /* Localizable.strings */,
				CEE226AC1C9C4018005EB279 /* Spanish(es).strings */,
				CEE226A41C9C3CB4005EB279 /* RecoverPassword */,
				CE040D721C99CD7D0020DDE0 /* Validators */,
				CEBF66B51C8DD3AB006EE090 /* Login */,
				CEBF66B41C8DD3A4006EE090 /* Signup */,
				9D72AA071C8DC7EA00BB4082 /* Authentication.h */,
				9D72AA091C8DC7EA00BB4082 /* Info.plist */,
				CEBF66C51C8DF0DD006EE090 /* Extensions.swift */,
				CEE94AB31CA06D5F0089E71B /* UIExtensions.swift */,
				CE9AC3C51C8F34A70012D20B /* AuthenticationBootstrapper.swift */,
			);
			path = Authentication;
			sourceTree = "<group>";
		};
		9D72AA121C8DC7EB00BB4082 /* AuthenticationTests */ = {
			isa = PBXGroup;
			children = (
				CEE4049A1C9A061200AB70B3 /* Validators */,
				CEFB5F7B1C91BBC600760A2A /* Login */,
				9D72AA151C8DC7EB00BB4082 /* Info.plist */,
			);
			path = AuthenticationTests;
			sourceTree = "<group>";
		};
		CE040D721C99CD7D0020DDE0 /* Validators */ = {
			isa = PBXGroup;
			children = (
				CE040D731C99CDB40020DDE0 /* InlineValidator.swift */,
				CE040D751C99CE650020DDE0 /* TextInputValidatorType.swift */,
				CE040D791C99CEE10020DDE0 /* LengthValidators.swift */,
				CEE4048C1C9A040B00AB70B3 /* EmailValidator.swift */,
				CEE4048E1C9A043200AB70B3 /* CompositeValidator.swift */,
			);
			name = Validators;
			sourceTree = "<group>";
		};
		CE2BC5221C970DE8003A1616 /* Mocks */ = {
			isa = PBXGroup;
			children = (
				CE2BC5251C970E51003A1616 /* MyUser.swift */,
				CE2BC5271C970E89003A1616 /* MockSessionService.swift */,
				CEB119191CA2EB3B0049DABF /* MockLoginTransitionDelegate.swift */,
			);
			name = Mocks;
			sourceTree = "<group>";
		};
		CE9AC3C01C8F2F5C0012D20B /* View */ = {
			isa = PBXGroup;
			children = (
				CE9AC3C31C8F2F9E0012D20B /* RegisterController.swift */,
				CEE226B41C9C7692005EB279 /* RegisterView.swift */,
			);
			name = View;
			sourceTree = "<group>";
		};
		CE9AC3C11C8F2F650012D20B /* ViewModel */ = {
			isa = PBXGroup;
			children = (
				CEE226B21C9C75CC005EB279 /* RegisterViewModel.swift */,
				CEB1191B1CA2F39D0049DABF /* RegistrationServiceType.swift */,
				CEB1191F1CA315000049DABF /* SignupCredentialsValidator.swift */,
			);
			name = ViewModel;
			sourceTree = "<group>";
		};
		CE9AC3C21C8F2F6C0012D20B /* Model */ = {
			isa = PBXGroup;
			children = (
			);
			name = Model;
			sourceTree = "<group>";
		};
		CEBF66B41C8DD3A4006EE090 /* Signup */ = {
			isa = PBXGroup;
			children = (
				CE9AC3C21C8F2F6C0012D20B /* Model */,
				CE9AC3C11C8F2F650012D20B /* ViewModel */,
				CE9AC3C01C8F2F5C0012D20B /* View */,
			);
			name = Signup;
			sourceTree = "<group>";
		};
		CEBF66B51C8DD3AB006EE090 /* Login */ = {
			isa = PBXGroup;
			children = (
				CEBF66B81C8DD531006EE090 /* Model */,
				CEBF66B71C8DD52C006EE090 /* ViewModel */,
				CEBF66B61C8DD526006EE090 /* View */,
			);
			name = Login;
			sourceTree = "<group>";
		};
		CEBF66B61C8DD526006EE090 /* View */ = {
			isa = PBXGroup;
			children = (
				CED63F321C9AFFAB0092F323 /* LoginView.xib */,
				CEBF66B91C8DD582006EE090 /* LoginView.swift */,
				CEBF66CD1C8E089D006EE090 /* LoginController.swift */,
				CE11A7001C9848AE002C9779 /* LoginControllerDelegate.swift */,
				CEE226B61C9C7FA4005EB279 /* LoginViewDelegate.swift */,
				CEB119171CA2E43B0049DABF /* LoginConfiguration.swift */,
				CE2361311CAD97C200AFB6F2 /* LoginViewConfiguration.swift */,
			);
			name = View;
			sourceTree = "<group>";
		};
		CEBF66B71C8DD52C006EE090 /* ViewModel */ = {
			isa = PBXGroup;
			children = (
				CEBF66BD1C8DDA9E006EE090 /* SessionServiceType.swift */,
				CEBF66C71C8DFCB1006EE090 /* LoginViewModel.swift */,
				CEBF66C91C8DFFF2006EE090 /* LoginCredentialsValidator.swift */,
			);
			name = ViewModel;
			sourceTree = "<group>";
		};
		CEBF66B81C8DD531006EE090 /* Model */ = {
			isa = PBXGroup;
			children = (
				CEBF66CF1C8E0A6E006EE090 /* Email.swift */,
				CEBF66D11C8E0A80006EE090 /* User.swift */,
				CE2361331CAD983D00AFB6F2 /* ColorPalette.swift */,
				CE2361351CADA0B200AFB6F2 /* FontPalette.swift */,
			);
			name = Model;
			sourceTree = "<group>";
		};
		CEE226A41C9C3CB4005EB279 /* RecoverPassword */ = {
			isa = PBXGroup;
			children = (
				CEE226A51C9C3CEA005EB279 /* RecoverPasswordController.swift */,
			);
			name = RecoverPassword;
			sourceTree = "<group>";
		};
		CEE4049A1C9A061200AB70B3 /* Validators */ = {
			isa = PBXGroup;
			children = (
				CEE4049B1C9A067D00AB70B3 /* AnyInputTextValidatorTests.swift */,
				CEE4049C1C9A067D00AB70B3 /* CompositeValidatorTests.swift */,
				CEE4049D1C9A067D00AB70B3 /* EmailValidatorTests.swift */,
				CEE4049E1C9A067D00AB70B3 /* MaxLengthValidatorTests.swift */,
				CEE4049F1C9A067D00AB70B3 /* MinLengthValidatorTests.swift */,
				CEE404A01C9A067D00AB70B3 /* NonEmptyValidatorTests.swift */,
			);
			name = Validators;
			sourceTree = "<group>";
		};
		CEE94A8E1CA06B1B0089E71B /* AuthenticationDemo */ = {
			isa = PBXGroup;
			children = (
				CEE94AA31CA06C3C0089E71B /* LaunchScreen.storyboard */,
				CEE94AA51CA06C3C0089E71B /* Main.storyboard */,
				CEE94A9F1CA06BBC0089E71B /* ExampleMainViewController.swift */,
				CEE94AA01CA06BBC0089E71B /* ExampleSessionService.swift */,
				CEE94A8F1CA06B1B0089E71B /* AppDelegate.swift */,
				CEE94A961CA06B1B0089E71B /* Assets.xcassets */,
				CEE94A9B1CA06B1B0089E71B /* Info.plist */,
			);
			path = AuthenticationDemo;
			sourceTree = "<group>";
		};
		CEFB5F7B1C91BBC600760A2A /* Login */ = {
			isa = PBXGroup;
			children = (
				CE2BC5221C970DE8003A1616 /* Mocks */,
				CEFB5F811C91C52400760A2A /* AuthenticationTests-Bridging-Header.h */,
				CEFB5F821C91C52500760A2A /* LoginViewModelTests.swift */,
				CE2BB8C61C972819009CAC8F /* LoginControllerTests.swift */,
			);
			name = Login;
			sourceTree = "<group>";
		};
/* End PBXGroup section */

/* Begin PBXHeadersBuildPhase section */
		9D72AA011C8DC7EA00BB4082 /* Headers */ = {
			isa = PBXHeadersBuildPhase;
			buildActionMask = 2147483647;
			files = (
				9D72AA081C8DC7EA00BB4082 /* Authentication.h in Headers */,
			);
			runOnlyForDeploymentPostprocessing = 0;
		};
/* End PBXHeadersBuildPhase section */

/* Begin PBXNativeTarget section */
		9D72AA031C8DC7EA00BB4082 /* Authentication */ = {
			isa = PBXNativeTarget;
			buildConfigurationList = 9D72AA181C8DC7EB00BB4082 /* Build configuration list for PBXNativeTarget "Authentication" */;
			buildPhases = (
				9D72A9FF1C8DC7EA00BB4082 /* Sources */,
				9D72AA001C8DC7EA00BB4082 /* Frameworks */,
				9D72AA011C8DC7EA00BB4082 /* Headers */,
				9D72AA021C8DC7EA00BB4082 /* Resources */,
				9D1DFEFD1C8DCE1500F0A37C /* Carthage */,
				CE913DD41C90445A00D8F2B2 /* Swiftlint in CI */,
			);
			buildRules = (
			);
			dependencies = (
			);
			name = Authentication;
			productName = Authentication;
			productReference = 9D72AA041C8DC7EA00BB4082 /* Authentication.framework */;
			productType = "com.apple.product-type.framework";
		};
		9D72AA0D1C8DC7EA00BB4082 /* AuthenticationTests */ = {
			isa = PBXNativeTarget;
			buildConfigurationList = 9D72AA1B1C8DC7EB00BB4082 /* Build configuration list for PBXNativeTarget "AuthenticationTests" */;
			buildPhases = (
				9D72AA0A1C8DC7EA00BB4082 /* Sources */,
				9D72AA0B1C8DC7EA00BB4082 /* Frameworks */,
				9D72AA0C1C8DC7EA00BB4082 /* Resources */,
				9D1DFF041C8DCFC100F0A37C /* Copy Frameworks */,
			);
			buildRules = (
			);
			dependencies = (
				9D72AA111C8DC7EB00BB4082 /* PBXTargetDependency */,
			);
			name = AuthenticationTests;
			productName = AuthenticationTests;
			productReference = 9D72AA0E1C8DC7EB00BB4082 /* AuthenticationTests.xctest */;
			productType = "com.apple.product-type.bundle.unit-test";
		};
		CEE94A8C1CA06B1B0089E71B /* AuthenticationDemo */ = {
			isa = PBXNativeTarget;
			buildConfigurationList = CEE94A9E1CA06B1B0089E71B /* Build configuration list for PBXNativeTarget "AuthenticationDemo" */;
			buildPhases = (
				CEE94A891CA06B1B0089E71B /* Sources */,
				CEE94A8A1CA06B1B0089E71B /* Frameworks */,
				CEE94A8B1CA06B1B0089E71B /* Resources */,
				CEE94AAF1CA06C6E0089E71B /* Embed Frameworks */,
				CEE94AB21CA06C860089E71B /* Carthage */,
			);
			buildRules = (
			);
			dependencies = (
				CEE94AB11CA06C780089E71B /* PBXTargetDependency */,
			);
			name = AuthenticationDemo;
			productName = "Authentication Demo";
			productReference = CEE94A8D1CA06B1B0089E71B /* AuthenticationDemo.app */;
			productType = "com.apple.product-type.application";
		};
/* End PBXNativeTarget section */

/* Begin PBXProject section */
		9D72A9FB1C8DC7EA00BB4082 /* Project object */ = {
			isa = PBXProject;
			attributes = {
				LastSwiftMigration = 0730;
				LastSwiftUpdateCheck = 0720;
				LastUpgradeCheck = 0720;
				ORGANIZATIONNAME = Wolox;
				TargetAttributes = {
					9D72AA031C8DC7EA00BB4082 = {
						CreatedOnToolsVersion = 7.2.1;
					};
					9D72AA0D1C8DC7EA00BB4082 = {
						CreatedOnToolsVersion = 7.2.1;
					};
					CEE94A8C1CA06B1B0089E71B = {
						CreatedOnToolsVersion = 7.2.1;
					};
				};
			};
			buildConfigurationList = 9D72A9FE1C8DC7EA00BB4082 /* Build configuration list for PBXProject "Authentication" */;
			compatibilityVersion = "Xcode 3.2";
			developmentRegion = English;
			hasScannedForEncodings = 0;
			knownRegions = (
				en,
				Base,
				es,
			);
			mainGroup = 9D72A9FA1C8DC7EA00BB4082;
			productRefGroup = 9D72AA051C8DC7EA00BB4082 /* Products */;
			projectDirPath = "";
			projectRoot = "";
			targets = (
				9D72AA031C8DC7EA00BB4082 /* Authentication */,
				9D72AA0D1C8DC7EA00BB4082 /* AuthenticationTests */,
				CEE94A8C1CA06B1B0089E71B /* AuthenticationDemo */,
			);
		};
/* End PBXProject section */

/* Begin PBXResourcesBuildPhase section */
		9D72AA021C8DC7EA00BB4082 /* Resources */ = {
			isa = PBXResourcesBuildPhase;
			buildActionMask = 2147483647;
			files = (
				CEE226AA1C9C4018005EB279 /* Spanish(es).strings in Resources */,
				CEE226A71C9C4011005EB279 /* Localizable.strings in Resources */,
				CED63F331C9AFFAB0092F323 /* LoginView.xib in Resources */,
			);
			runOnlyForDeploymentPostprocessing = 0;
		};
		9D72AA0C1C8DC7EA00BB4082 /* Resources */ = {
			isa = PBXResourcesBuildPhase;
			buildActionMask = 2147483647;
			files = (
			);
			runOnlyForDeploymentPostprocessing = 0;
		};
		CEE94A8B1CA06B1B0089E71B /* Resources */ = {
			isa = PBXResourcesBuildPhase;
			buildActionMask = 2147483647;
			files = (
				CEE94AA81CA06C3C0089E71B /* Main.storyboard in Resources */,
				CEE94AA91CA06C520089E71B /* Localizable.strings in Resources */,
				CEE94A971CA06B1B0089E71B /* Assets.xcassets in Resources */,
				CEE94AA71CA06C3C0089E71B /* LaunchScreen.storyboard in Resources */,
				CEE94AAA1CA06C570089E71B /* Spanish(es).strings in Resources */,
			);
			runOnlyForDeploymentPostprocessing = 0;
		};
/* End PBXResourcesBuildPhase section */

/* Begin PBXShellScriptBuildPhase section */
		9D1DFEFD1C8DCE1500F0A37C /* Carthage */ = {
			isa = PBXShellScriptBuildPhase;
			buildActionMask = 2147483647;
			files = (
			);
			inputPaths = (
				"$(SRCROOT)/Carthage/Build/iOS/ReactiveCocoa.framework",
				"$(SRCROOT)/Carthage/Build/iOS/Result.framework",
				"$(SRCROOT)/Carthage/Build/iOS/Rex.framework",
				"$(SRCROOT)/Carthage/Build/iOS/CocoaLumberjack.framework",
			);
			name = Carthage;
			outputPaths = (
			);
			runOnlyForDeploymentPostprocessing = 0;
			shellPath = /bin/sh;
			shellScript = "/usr/local/bin/carthage copy-frameworks";
		};
		CE913DD41C90445A00D8F2B2 /* Swiftlint in CI */ = {
			isa = PBXShellScriptBuildPhase;
			buildActionMask = 2147483647;
			files = (
			);
			inputPaths = (
			);
			name = "Swiftlint in CI";
			outputPaths = (
			);
			runOnlyForDeploymentPostprocessing = 0;
			shellPath = /bin/sh;
			shellScript = "if [ ! -z \"$RUNNING_ON_CI\" ]\nthen\necho \"SwiftLint run script has been disabled\"\nexit 0\nfi\n\nif which swiftlint >/dev/null; then\nswiftlint\nelse\necho \"warning: SwiftLint not installed, download from https://github.com/realm/SwiftLint\"\nfi";
		};
		CEE94AB21CA06C860089E71B /* Carthage */ = {
			isa = PBXShellScriptBuildPhase;
			buildActionMask = 2147483647;
			files = (
			);
			inputPaths = (
			);
			name = Carthage;
			outputPaths = (
			);
			runOnlyForDeploymentPostprocessing = 0;
			shellPath = /bin/sh;
			shellScript = "/usr/local/bin/carthage copy-frameworks";
		};
/* End PBXShellScriptBuildPhase section */

/* Begin PBXSourcesBuildPhase section */
		9D72A9FF1C8DC7EA00BB4082 /* Sources */ = {
			isa = PBXSourcesBuildPhase;
			buildActionMask = 2147483647;
			files = (
				CE9AC3C41C8F2F9E0012D20B /* RegisterController.swift in Sources */,
				CE2361341CAD983D00AFB6F2 /* ColorPalette.swift in Sources */,
				CEBF66C81C8DFCB1006EE090 /* LoginViewModel.swift in Sources */,
				CEB1191C1CA2F39D0049DABF /* RegistrationServiceType.swift in Sources */,
				CEE4048D1C9A040B00AB70B3 /* EmailValidator.swift in Sources */,
				CEE226B51C9C7692005EB279 /* RegisterView.swift in Sources */,
				CEBF66BE1C8DDA9E006EE090 /* SessionServiceType.swift in Sources */,
				CEE226B71C9C7FA4005EB279 /* LoginViewDelegate.swift in Sources */,
				CEBF66C61C8DF0DD006EE090 /* Extensions.swift in Sources */,
				CE040D7A1C99CEE10020DDE0 /* LengthValidators.swift in Sources */,
				CEE226A61C9C3CEA005EB279 /* RecoverPasswordController.swift in Sources */,
				CEE226B31C9C75CC005EB279 /* RegisterViewModel.swift in Sources */,
				CEBF66D01C8E0A6E006EE090 /* Email.swift in Sources */,
				CEBF66CE1C8E089D006EE090 /* LoginController.swift in Sources */,
				CE2361321CAD97C200AFB6F2 /* LoginViewConfiguration.swift in Sources */,
				CEBF66BA1C8DD582006EE090 /* LoginView.swift in Sources */,
				CE11A7011C9848AE002C9779 /* LoginControllerDelegate.swift in Sources */,
				CE040D741C99CDB40020DDE0 /* InlineValidator.swift in Sources */,
				CEE94AB41CA06D5F0089E71B /* UIExtensions.swift in Sources */,
				CE040D761C99CE650020DDE0 /* TextInputValidatorType.swift in Sources */,
				CEB119201CA315000049DABF /* SignupCredentialsValidator.swift in Sources */,
				CEE4048F1C9A043200AB70B3 /* CompositeValidator.swift in Sources */,
				CEB119181CA2E43B0049DABF /* LoginConfiguration.swift in Sources */,
				CEBF66D21C8E0A80006EE090 /* User.swift in Sources */,
				CE2361361CADA0B200AFB6F2 /* FontPalette.swift in Sources */,
				CE9AC3C61C8F34A70012D20B /* AuthenticationBootstrapper.swift in Sources */,
				CEBF66CA1C8DFFF2006EE090 /* LoginCredentialsValidator.swift in Sources */,
			);
			runOnlyForDeploymentPostprocessing = 0;
		};
		9D72AA0A1C8DC7EA00BB4082 /* Sources */ = {
			isa = PBXSourcesBuildPhase;
			buildActionMask = 2147483647;
			files = (
				CEE404A51C9A067D00AB70B3 /* MinLengthValidatorTests.swift in Sources */,
				CEE404A21C9A067D00AB70B3 /* CompositeValidatorTests.swift in Sources */,
				CEE404A41C9A067D00AB70B3 /* MaxLengthValidatorTests.swift in Sources */,
				CEB1191A1CA2EB3B0049DABF /* MockLoginTransitionDelegate.swift in Sources */,
				CEE404A31C9A067D00AB70B3 /* EmailValidatorTests.swift in Sources */,
				CEE404A11C9A067D00AB70B3 /* AnyInputTextValidatorTests.swift in Sources */,
				CE2BB8C71C972819009CAC8F /* LoginControllerTests.swift in Sources */,
				CE2BC5261C970E51003A1616 /* MyUser.swift in Sources */,
				CEFB5F831C91C52500760A2A /* LoginViewModelTests.swift in Sources */,
				CEE404A61C9A067D00AB70B3 /* NonEmptyValidatorTests.swift in Sources */,
				CE2BC5281C970E89003A1616 /* MockSessionService.swift in Sources */,
			);
			runOnlyForDeploymentPostprocessing = 0;
		};
		CEE94A891CA06B1B0089E71B /* Sources */ = {
			isa = PBXSourcesBuildPhase;
			buildActionMask = 2147483647;
			files = (
				CEE94AA21CA06BBC0089E71B /* ExampleSessionService.swift in Sources */,
				CEE94AA11CA06BBC0089E71B /* ExampleMainViewController.swift in Sources */,
				CEE94A901CA06B1B0089E71B /* AppDelegate.swift in Sources */,
			);
			runOnlyForDeploymentPostprocessing = 0;
		};
/* End PBXSourcesBuildPhase section */

/* Begin PBXTargetDependency section */
		9D72AA111C8DC7EB00BB4082 /* PBXTargetDependency */ = {
			isa = PBXTargetDependency;
			target = 9D72AA031C8DC7EA00BB4082 /* Authentication */;
			targetProxy = 9D72AA101C8DC7EB00BB4082 /* PBXContainerItemProxy */;
		};
		CEE94AB11CA06C780089E71B /* PBXTargetDependency */ = {
			isa = PBXTargetDependency;
			target = 9D72AA031C8DC7EA00BB4082 /* Authentication */;
			targetProxy = CEE94AB01CA06C780089E71B /* PBXContainerItemProxy */;
		};
/* End PBXTargetDependency section */

/* Begin PBXVariantGroup section */
		CEE226A91C9C4011005EB279 /* Localizable.strings */ = {
			isa = PBXVariantGroup;
			children = (
				CEE226A81C9C4011005EB279 /* en */,
				CEE226AF1C9C726F005EB279 /* Base */,
			);
			name = Localizable.strings;
			path = "Supporting Files";
			sourceTree = "<group>";
		};
		CEE226AC1C9C4018005EB279 /* Spanish(es).strings */ = {
			isa = PBXVariantGroup;
			children = (
				CEE226AB1C9C4018005EB279 /* es */,
			);
			name = "Spanish(es).strings";
			path = "Supporting Files";
			sourceTree = "<group>";
		};
		CEE94AA31CA06C3C0089E71B /* LaunchScreen.storyboard */ = {
			isa = PBXVariantGroup;
			children = (
				CEE94AA41CA06C3C0089E71B /* Base */,
				CEF7252B1CA1ADE400A4215A /* en */,
				CEF7252C1CA1ADEB00A4215A /* es */,
			);
			name = LaunchScreen.storyboard;
			sourceTree = "<group>";
		};
		CEE94AA51CA06C3C0089E71B /* Main.storyboard */ = {
			isa = PBXVariantGroup;
			children = (
				CEE94AA61CA06C3C0089E71B /* Base */,
				CEF7252E1CA1ADEF00A4215A /* en */,
				CEF7252F1CA1ADF000A4215A /* es */,
			);
			name = Main.storyboard;
			sourceTree = "<group>";
		};
/* End PBXVariantGroup section */

/* Begin XCBuildConfiguration section */
		9D72AA161C8DC7EB00BB4082 /* Debug */ = {
			isa = XCBuildConfiguration;
			buildSettings = {
				ALWAYS_SEARCH_USER_PATHS = NO;
				CLANG_CXX_LANGUAGE_STANDARD = "gnu++0x";
				CLANG_CXX_LIBRARY = "libc++";
				CLANG_ENABLE_MODULES = YES;
				CLANG_ENABLE_OBJC_ARC = YES;
				CLANG_WARN_BOOL_CONVERSION = YES;
				CLANG_WARN_CONSTANT_CONVERSION = YES;
				CLANG_WARN_DIRECT_OBJC_ISA_USAGE = YES_ERROR;
				CLANG_WARN_EMPTY_BODY = YES;
				CLANG_WARN_ENUM_CONVERSION = YES;
				CLANG_WARN_INT_CONVERSION = YES;
				CLANG_WARN_OBJC_ROOT_CLASS = YES_ERROR;
				CLANG_WARN_UNREACHABLE_CODE = YES;
				CLANG_WARN__DUPLICATE_METHOD_MATCH = YES;
				"CODE_SIGN_IDENTITY[sdk=iphoneos*]" = "iPhone Developer";
				COPY_PHASE_STRIP = NO;
				CURRENT_PROJECT_VERSION = 1;
				DEBUG_INFORMATION_FORMAT = dwarf;
				ENABLE_STRICT_OBJC_MSGSEND = YES;
				ENABLE_TESTABILITY = YES;
				GCC_C_LANGUAGE_STANDARD = gnu99;
				GCC_DYNAMIC_NO_PIC = NO;
				GCC_NO_COMMON_BLOCKS = YES;
				GCC_OPTIMIZATION_LEVEL = 0;
				GCC_PREPROCESSOR_DEFINITIONS = (
					"DEBUG=1",
					"$(inherited)",
				);
				GCC_WARN_64_TO_32_BIT_CONVERSION = YES;
				GCC_WARN_ABOUT_RETURN_TYPE = YES_ERROR;
				GCC_WARN_UNDECLARED_SELECTOR = YES;
				GCC_WARN_UNINITIALIZED_AUTOS = YES_AGGRESSIVE;
				GCC_WARN_UNUSED_FUNCTION = YES;
				GCC_WARN_UNUSED_VARIABLE = YES;
				IPHONEOS_DEPLOYMENT_TARGET = 9.2;
				MTL_ENABLE_DEBUG_INFO = YES;
				ONLY_ACTIVE_ARCH = YES;
				SDKROOT = iphoneos;
				SWIFT_OPTIMIZATION_LEVEL = "-Onone";
				TARGETED_DEVICE_FAMILY = "1,2";
				VERSIONING_SYSTEM = "apple-generic";
				VERSION_INFO_PREFIX = "";
			};
			name = Debug;
		};
		9D72AA171C8DC7EB00BB4082 /* Release */ = {
			isa = XCBuildConfiguration;
			buildSettings = {
				ALWAYS_SEARCH_USER_PATHS = NO;
				CLANG_CXX_LANGUAGE_STANDARD = "gnu++0x";
				CLANG_CXX_LIBRARY = "libc++";
				CLANG_ENABLE_MODULES = YES;
				CLANG_ENABLE_OBJC_ARC = YES;
				CLANG_WARN_BOOL_CONVERSION = YES;
				CLANG_WARN_CONSTANT_CONVERSION = YES;
				CLANG_WARN_DIRECT_OBJC_ISA_USAGE = YES_ERROR;
				CLANG_WARN_EMPTY_BODY = YES;
				CLANG_WARN_ENUM_CONVERSION = YES;
				CLANG_WARN_INT_CONVERSION = YES;
				CLANG_WARN_OBJC_ROOT_CLASS = YES_ERROR;
				CLANG_WARN_UNREACHABLE_CODE = YES;
				CLANG_WARN__DUPLICATE_METHOD_MATCH = YES;
				"CODE_SIGN_IDENTITY[sdk=iphoneos*]" = "iPhone Developer";
				COPY_PHASE_STRIP = NO;
				CURRENT_PROJECT_VERSION = 1;
				DEBUG_INFORMATION_FORMAT = "dwarf-with-dsym";
				ENABLE_NS_ASSERTIONS = NO;
				ENABLE_STRICT_OBJC_MSGSEND = YES;
				GCC_C_LANGUAGE_STANDARD = gnu99;
				GCC_NO_COMMON_BLOCKS = YES;
				GCC_WARN_64_TO_32_BIT_CONVERSION = YES;
				GCC_WARN_ABOUT_RETURN_TYPE = YES_ERROR;
				GCC_WARN_UNDECLARED_SELECTOR = YES;
				GCC_WARN_UNINITIALIZED_AUTOS = YES_AGGRESSIVE;
				GCC_WARN_UNUSED_FUNCTION = YES;
				GCC_WARN_UNUSED_VARIABLE = YES;
				IPHONEOS_DEPLOYMENT_TARGET = 9.2;
				MTL_ENABLE_DEBUG_INFO = NO;
				SDKROOT = iphoneos;
				TARGETED_DEVICE_FAMILY = "1,2";
				VALIDATE_PRODUCT = YES;
				VERSIONING_SYSTEM = "apple-generic";
				VERSION_INFO_PREFIX = "";
			};
			name = Release;
		};
		9D72AA191C8DC7EB00BB4082 /* Debug */ = {
			isa = XCBuildConfiguration;
			buildSettings = {
				CLANG_ENABLE_MODULES = YES;
				DEFINES_MODULE = YES;
				DYLIB_COMPATIBILITY_VERSION = 1;
				DYLIB_CURRENT_VERSION = 1;
				DYLIB_INSTALL_NAME_BASE = "@rpath";
				FRAMEWORK_SEARCH_PATHS = (
					"$(inherited)",
					"$(PROJECT_DIR)/Carthage/Build/iOS",
				);
				INFOPLIST_FILE = Authentication/Info.plist;
				INSTALL_PATH = "$(LOCAL_LIBRARY_DIR)/Frameworks";
				LD_RUNPATH_SEARCH_PATHS = "$(inherited) @executable_path/Frameworks @loader_path/Frameworks";
				PRODUCT_BUNDLE_IDENTIFIER = ar.com.wolox.Authentication;
				PRODUCT_NAME = "$(TARGET_NAME)";
				SKIP_INSTALL = YES;
				SWIFT_OPTIMIZATION_LEVEL = "-Onone";
			};
			name = Debug;
		};
		9D72AA1A1C8DC7EB00BB4082 /* Release */ = {
			isa = XCBuildConfiguration;
			buildSettings = {
				CLANG_ENABLE_MODULES = YES;
				DEFINES_MODULE = YES;
				DYLIB_COMPATIBILITY_VERSION = 1;
				DYLIB_CURRENT_VERSION = 1;
				DYLIB_INSTALL_NAME_BASE = "@rpath";
				FRAMEWORK_SEARCH_PATHS = (
					"$(inherited)",
					"$(PROJECT_DIR)/Carthage/Build/iOS",
				);
				INFOPLIST_FILE = Authentication/Info.plist;
				INSTALL_PATH = "$(LOCAL_LIBRARY_DIR)/Frameworks";
				LD_RUNPATH_SEARCH_PATHS = "$(inherited) @executable_path/Frameworks @loader_path/Frameworks";
				PRODUCT_BUNDLE_IDENTIFIER = ar.com.wolox.Authentication;
				PRODUCT_NAME = "$(TARGET_NAME)";
				SKIP_INSTALL = YES;
			};
			name = Release;
		};
		9D72AA1C1C8DC7EB00BB4082 /* Debug */ = {
			isa = XCBuildConfiguration;
			buildSettings = {
				CLANG_ENABLE_MODULES = YES;
				FRAMEWORK_SEARCH_PATHS = (
					"$(inherited)",
					"$(PROJECT_DIR)/Carthage/Build/iOS",
				);
				INFOPLIST_FILE = AuthenticationTests/Info.plist;
				LD_RUNPATH_SEARCH_PATHS = "$(inherited) @executable_path/Frameworks @loader_path/Frameworks";
				PRODUCT_BUNDLE_IDENTIFIER = ar.com.wolox.AuthenticationTests;
				PRODUCT_NAME = "$(TARGET_NAME)";
				SWIFT_OBJC_BRIDGING_HEADER = "AuthenticationTests/AuthenticationTests-Bridging-Header.h";
				SWIFT_OPTIMIZATION_LEVEL = "-Onone";
			};
			name = Debug;
		};
		9D72AA1D1C8DC7EB00BB4082 /* Release */ = {
			isa = XCBuildConfiguration;
			buildSettings = {
				CLANG_ENABLE_MODULES = YES;
				FRAMEWORK_SEARCH_PATHS = (
					"$(inherited)",
					"$(PROJECT_DIR)/Carthage/Build/iOS",
				);
				INFOPLIST_FILE = AuthenticationTests/Info.plist;
				LD_RUNPATH_SEARCH_PATHS = "$(inherited) @executable_path/Frameworks @loader_path/Frameworks";
				PRODUCT_BUNDLE_IDENTIFIER = ar.com.wolox.AuthenticationTests;
				PRODUCT_NAME = "$(TARGET_NAME)";
				SWIFT_OBJC_BRIDGING_HEADER = "AuthenticationTests/AuthenticationTests-Bridging-Header.h";
			};
			name = Release;
		};
		CEE94A9C1CA06B1B0089E71B /* Debug */ = {
			isa = XCBuildConfiguration;
			buildSettings = {
				ASSETCATALOG_COMPILER_APPICON_NAME = AppIcon;
				CODE_SIGN_IDENTITY = "iPhone Developer";
				FRAMEWORK_SEARCH_PATHS = (
					"$(inherited)",
					"$(PROJECT_DIR)/Carthage/Build/iOS",
				);
				INFOPLIST_FILE = "$(SRCROOT)/AuthenticationDemo/Info.plist";
				LD_RUNPATH_SEARCH_PATHS = "$(inherited) @executable_path/Frameworks";
				PRODUCT_BUNDLE_IDENTIFIER = com.wolox.AuthenticationDemo;
				PRODUCT_NAME = "$(TARGET_NAME)";
			};
			name = Debug;
		};
		CEE94A9D1CA06B1B0089E71B /* Release */ = {
			isa = XCBuildConfiguration;
			buildSettings = {
				ASSETCATALOG_COMPILER_APPICON_NAME = AppIcon;
				CODE_SIGN_IDENTITY = "iPhone Developer";
				FRAMEWORK_SEARCH_PATHS = (
					"$(inherited)",
					"$(PROJECT_DIR)/Carthage/Build/iOS",
				);
				INFOPLIST_FILE = "$(SRCROOT)/AuthenticationDemo/Info.plist";
				LD_RUNPATH_SEARCH_PATHS = "$(inherited) @executable_path/Frameworks";
				PRODUCT_BUNDLE_IDENTIFIER = com.wolox.AuthenticationDemo;
				PRODUCT_NAME = "$(TARGET_NAME)";
			};
			name = Release;
		};
/* End XCBuildConfiguration section */

/* Begin XCConfigurationList section */
		9D72A9FE1C8DC7EA00BB4082 /* Build configuration list for PBXProject "Authentication" */ = {
			isa = XCConfigurationList;
			buildConfigurations = (
				9D72AA161C8DC7EB00BB4082 /* Debug */,
				9D72AA171C8DC7EB00BB4082 /* Release */,
			);
			defaultConfigurationIsVisible = 0;
			defaultConfigurationName = Release;
		};
		9D72AA181C8DC7EB00BB4082 /* Build configuration list for PBXNativeTarget "Authentication" */ = {
			isa = XCConfigurationList;
			buildConfigurations = (
				9D72AA191C8DC7EB00BB4082 /* Debug */,
				9D72AA1A1C8DC7EB00BB4082 /* Release */,
			);
			defaultConfigurationIsVisible = 0;
			defaultConfigurationName = Release;
		};
		9D72AA1B1C8DC7EB00BB4082 /* Build configuration list for PBXNativeTarget "AuthenticationTests" */ = {
			isa = XCConfigurationList;
			buildConfigurations = (
				9D72AA1C1C8DC7EB00BB4082 /* Debug */,
				9D72AA1D1C8DC7EB00BB4082 /* Release */,
			);
			defaultConfigurationIsVisible = 0;
			defaultConfigurationName = Release;
		};
		CEE94A9E1CA06B1B0089E71B /* Build configuration list for PBXNativeTarget "AuthenticationDemo" */ = {
			isa = XCConfigurationList;
			buildConfigurations = (
				CEE94A9C1CA06B1B0089E71B /* Debug */,
				CEE94A9D1CA06B1B0089E71B /* Release */,
			);
			defaultConfigurationIsVisible = 0;
			defaultConfigurationName = Release;
		};
/* End XCConfigurationList section */
	};
	rootObject = 9D72A9FB1C8DC7EA00BB4082 /* Project object */;
}
