// !$*UTF8*$!
{
	archiveVersion = 1;
	classes = {
	};
	objectVersion = 46;
	objects = {

/* Begin PBXBuildFile section */
		9D1DFEFA1C8DCE0A00F0A37C /* ReactiveCocoa.framework in Frameworks */ = {isa = PBXBuildFile; fileRef = 9D1DFEF71C8DCE0A00F0A37C /* ReactiveCocoa.framework */; };
		9D1DFEFB1C8DCE0A00F0A37C /* Result.framework in Frameworks */ = {isa = PBXBuildFile; fileRef = 9D1DFEF81C8DCE0A00F0A37C /* Result.framework */; };
		9D1DFEFC1C8DCE0A00F0A37C /* Rex.framework in Frameworks */ = {isa = PBXBuildFile; fileRef = 9D1DFEF91C8DCE0A00F0A37C /* Rex.framework */; };
		9D1DFEFF1C8DCF5300F0A37C /* CocoaLumberjack.framework in Frameworks */ = {isa = PBXBuildFile; fileRef = 9D1DFEFE1C8DCF5300F0A37C /* CocoaLumberjack.framework */; };
		9D1DFF021C8DCFB300F0A37C /* Nimble.framework in Frameworks */ = {isa = PBXBuildFile; fileRef = 9D1DFF001C8DCFB300F0A37C /* Nimble.framework */; };
		9D1DFF031C8DCFB300F0A37C /* Quick.framework in Frameworks */ = {isa = PBXBuildFile; fileRef = 9D1DFF011C8DCFB300F0A37C /* Quick.framework */; };
		9D1DFF051C8DCFC800F0A37C /* Nimble.framework in Copy Frameworks */ = {isa = PBXBuildFile; fileRef = 9D1DFF001C8DCFB300F0A37C /* Nimble.framework */; settings = {ATTRIBUTES = (CodeSignOnCopy, RemoveHeadersOnCopy, ); }; };
		9D1DFF061C8DCFC800F0A37C /* Quick.framework in Copy Frameworks */ = {isa = PBXBuildFile; fileRef = 9D1DFF011C8DCFB300F0A37C /* Quick.framework */; settings = {ATTRIBUTES = (CodeSignOnCopy, RemoveHeadersOnCopy, ); }; };
		9D72AA081C8DC7EA00BB4082 /* Authentication.h in Headers */ = {isa = PBXBuildFile; fileRef = 9D72AA071C8DC7EA00BB4082 /* Authentication.h */; settings = {ATTRIBUTES = (Public, ); }; };
		9D72AA0F1C8DC7EB00BB4082 /* Authentication.framework in Frameworks */ = {isa = PBXBuildFile; fileRef = 9D72AA041C8DC7EA00BB4082 /* Authentication.framework */; };
		9DC1F1561C94DC8C005FC65A /* CocoaLumberjack.framework in Copy Frameworks */ = {isa = PBXBuildFile; fileRef = 9D1DFEFE1C8DCF5300F0A37C /* CocoaLumberjack.framework */; settings = {ATTRIBUTES = (CodeSignOnCopy, RemoveHeadersOnCopy, ); }; };
		9DC1F1571C94DC8C005FC65A /* ReactiveCocoa.framework in Copy Frameworks */ = {isa = PBXBuildFile; fileRef = 9D1DFEF71C8DCE0A00F0A37C /* ReactiveCocoa.framework */; settings = {ATTRIBUTES = (CodeSignOnCopy, RemoveHeadersOnCopy, ); }; };
		9DC1F1581C94DC8C005FC65A /* Result.framework in Copy Frameworks */ = {isa = PBXBuildFile; fileRef = 9D1DFEF81C8DCE0A00F0A37C /* Result.framework */; settings = {ATTRIBUTES = (CodeSignOnCopy, RemoveHeadersOnCopy, ); }; };
		9DC1F1591C94DC8C005FC65A /* Rex.framework in Copy Frameworks */ = {isa = PBXBuildFile; fileRef = 9D1DFEF91C8DCE0A00F0A37C /* Rex.framework */; settings = {ATTRIBUTES = (CodeSignOnCopy, RemoveHeadersOnCopy, ); }; };
		CE111DA31D4FA6A50083C99E /* Email.swift in Sources */ = {isa = PBXBuildFile; fileRef = CE111DA11D4FA6A50083C99E /* Email.swift */; };
		CE111DA41D4FA6A50083C99E /* User.swift in Sources */ = {isa = PBXBuildFile; fileRef = CE111DA21D4FA6A50083C99E /* User.swift */; };
		CE111DA91D4FA6C20083C99E /* MockLoginTransitionDelegate.swift in Sources */ = {isa = PBXBuildFile; fileRef = CE111DA61D4FA6C20083C99E /* MockLoginTransitionDelegate.swift */; };
		CE111DAA1D4FA6C20083C99E /* MockSessionService.swift in Sources */ = {isa = PBXBuildFile; fileRef = CE111DA71D4FA6C20083C99E /* MockSessionService.swift */; };
		CE111DAB1D4FA6C20083C99E /* MyUser.swift in Sources */ = {isa = PBXBuildFile; fileRef = CE111DA81D4FA6C20083C99E /* MyUser.swift */; };
		CE111DAE1D4FA6FD0083C99E /* RecoverPasswordController.swift in Sources */ = {isa = PBXBuildFile; fileRef = CE111DAD1D4FA6FD0083C99E /* RecoverPasswordController.swift */; };
		CE111DBD1D4FA70D0083C99E /* CompositeValidator.swift in Sources */ = {isa = PBXBuildFile; fileRef = CE111DB71D4FA70D0083C99E /* CompositeValidator.swift */; };
		CE111DBE1D4FA70D0083C99E /* ConstantValidators.swift in Sources */ = {isa = PBXBuildFile; fileRef = CE111DB81D4FA70D0083C99E /* ConstantValidators.swift */; };
		CE111DBF1D4FA70D0083C99E /* EmailValidator.swift in Sources */ = {isa = PBXBuildFile; fileRef = CE111DB91D4FA70D0083C99E /* EmailValidator.swift */; };
		CE111DC01D4FA70D0083C99E /* InlineValidator.swift in Sources */ = {isa = PBXBuildFile; fileRef = CE111DBA1D4FA70D0083C99E /* InlineValidator.swift */; };
		CE111DC11D4FA70D0083C99E /* LengthValidators.swift in Sources */ = {isa = PBXBuildFile; fileRef = CE111DBB1D4FA70D0083C99E /* LengthValidators.swift */; };
		CE111DC21D4FA70D0083C99E /* TextInputValidatorType.swift in Sources */ = {isa = PBXBuildFile; fileRef = CE111DBC1D4FA70D0083C99E /* TextInputValidatorType.swift */; };
		CE111DCF1D4FA7340083C99E /* LoginConfiguration.swift in Sources */ = {isa = PBXBuildFile; fileRef = CE111DC51D4FA7340083C99E /* LoginConfiguration.swift */; };
		CE111DD01D4FA7340083C99E /* LoginController.swift in Sources */ = {isa = PBXBuildFile; fileRef = CE111DC61D4FA7340083C99E /* LoginController.swift */; };
		CE111DD11D4FA7340083C99E /* LoginControllerDelegate.swift in Sources */ = {isa = PBXBuildFile; fileRef = CE111DC71D4FA7340083C99E /* LoginControllerDelegate.swift */; };
		CE111DD21D4FA7340083C99E /* LoginView.swift in Sources */ = {isa = PBXBuildFile; fileRef = CE111DC81D4FA7340083C99E /* LoginView.swift */; };
		CE111DD31D4FA7340083C99E /* LoginView.xib in Resources */ = {isa = PBXBuildFile; fileRef = CE111DC91D4FA7340083C99E /* LoginView.xib */; };
		CE111DD41D4FA7340083C99E /* LoginViewConfiguration.swift in Sources */ = {isa = PBXBuildFile; fileRef = CE111DCA1D4FA7340083C99E /* LoginViewConfiguration.swift */; };
		CE111DD51D4FA7340083C99E /* LoginViewDelegate.swift in Sources */ = {isa = PBXBuildFile; fileRef = CE111DCB1D4FA7340083C99E /* LoginViewDelegate.swift */; };
		CE111DD61D4FA7340083C99E /* LoginCredentialsValidator.swift in Sources */ = {isa = PBXBuildFile; fileRef = CE111DCD1D4FA7340083C99E /* LoginCredentialsValidator.swift */; };
		CE111DD71D4FA7340083C99E /* LoginViewModel.swift in Sources */ = {isa = PBXBuildFile; fileRef = CE111DCE1D4FA7340083C99E /* LoginViewModel.swift */; };
		CE111DE41D4FA7390083C99E /* SignupConfiguration.swift in Sources */ = {isa = PBXBuildFile; fileRef = CE111DDA1D4FA7390083C99E /* SignupConfiguration.swift */; };
		CE111DE51D4FA7390083C99E /* SignupController.swift in Sources */ = {isa = PBXBuildFile; fileRef = CE111DDB1D4FA7390083C99E /* SignupController.swift */; };
		CE111DE61D4FA7390083C99E /* SignupControllerDelegate.swift in Sources */ = {isa = PBXBuildFile; fileRef = CE111DDC1D4FA7390083C99E /* SignupControllerDelegate.swift */; };
		CE111DE71D4FA7390083C99E /* SignupView.swift in Sources */ = {isa = PBXBuildFile; fileRef = CE111DDD1D4FA7390083C99E /* SignupView.swift */; };
		CE111DE81D4FA7390083C99E /* SignupView.xib in Resources */ = {isa = PBXBuildFile; fileRef = CE111DDE1D4FA7390083C99E /* SignupView.xib */; };
		CE111DE91D4FA7390083C99E /* SignupViewConfiguration.swift in Sources */ = {isa = PBXBuildFile; fileRef = CE111DDF1D4FA7390083C99E /* SignupViewConfiguration.swift */; };
		CE111DEA1D4FA7390083C99E /* SignupViewDelegate.swift in Sources */ = {isa = PBXBuildFile; fileRef = CE111DE01D4FA7390083C99E /* SignupViewDelegate.swift */; };
		CE111DEB1D4FA7390083C99E /* SignupCredentialsValidator.swift in Sources */ = {isa = PBXBuildFile; fileRef = CE111DE21D4FA7390083C99E /* SignupCredentialsValidator.swift */; };
		CE111DEC1D4FA7390083C99E /* SignupViewModel.swift in Sources */ = {isa = PBXBuildFile; fileRef = CE111DE31D4FA7390083C99E /* SignupViewModel.swift */; };
		CE111DF01D4FA78E0083C99E /* LoginControllerTests.swift in Sources */ = {isa = PBXBuildFile; fileRef = CE111DEE1D4FA78E0083C99E /* LoginControllerTests.swift */; };
		CE111DF11D4FA78E0083C99E /* LoginViewModelTests.swift in Sources */ = {isa = PBXBuildFile; fileRef = CE111DEF1D4FA78E0083C99E /* LoginViewModelTests.swift */; };
		CE111DF91D4FA79A0083C99E /* AnyInputTextValidatorTests.swift in Sources */ = {isa = PBXBuildFile; fileRef = CE111DF31D4FA79A0083C99E /* AnyInputTextValidatorTests.swift */; };
		CE111DFA1D4FA79A0083C99E /* CompositeValidatorTests.swift in Sources */ = {isa = PBXBuildFile; fileRef = CE111DF41D4FA79A0083C99E /* CompositeValidatorTests.swift */; };
		CE111DFB1D4FA79A0083C99E /* EmailValidatorTests.swift in Sources */ = {isa = PBXBuildFile; fileRef = CE111DF51D4FA79A0083C99E /* EmailValidatorTests.swift */; };
		CE111DFC1D4FA79A0083C99E /* MaxLengthValidatorTests.swift in Sources */ = {isa = PBXBuildFile; fileRef = CE111DF61D4FA79A0083C99E /* MaxLengthValidatorTests.swift */; };
		CE111DFD1D4FA79A0083C99E /* MinLengthValidatorTests.swift in Sources */ = {isa = PBXBuildFile; fileRef = CE111DF71D4FA79A0083C99E /* MinLengthValidatorTests.swift */; };
		CE111DFE1D4FA79A0083C99E /* NonEmptyValidatorTests.swift in Sources */ = {isa = PBXBuildFile; fileRef = CE111DF81D4FA79A0083C99E /* NonEmptyValidatorTests.swift */; };
		CE111E021D4FA80E0083C99E /* TermsAndServicesController.swift in Sources */ = {isa = PBXBuildFile; fileRef = CE111E001D4FA80E0083C99E /* TermsAndServicesController.swift */; };
		CE111E031D4FA80E0083C99E /* TermsAndServicesControllerDelegate.swift in Sources */ = {isa = PBXBuildFile; fileRef = CE111E011D4FA80E0083C99E /* TermsAndServicesControllerDelegate.swift */; };
		CE111E0F1D4FA8980083C99E /* AuthenticationViewConfiguration.swift in Sources */ = {isa = PBXBuildFile; fileRef = CE111E0C1D4FA8980083C99E /* AuthenticationViewConfiguration.swift */; };
		CE111E101D4FA8980083C99E /* ColorPalette.swift in Sources */ = {isa = PBXBuildFile; fileRef = CE111E0D1D4FA8980083C99E /* ColorPalette.swift */; };
		CE111E111D4FA8980083C99E /* FontPalette.swift in Sources */ = {isa = PBXBuildFile; fileRef = CE111E0E1D4FA8980083C99E /* FontPalette.swift */; };
		CE111E131D4FC5890083C99E /* SignupViewModelSpec.swift in Sources */ = {isa = PBXBuildFile; fileRef = CE111E121D4FC5890083C99E /* SignupViewModelSpec.swift */; };
		CE5248821D468D8200B499CC /* Extensions.swift in Sources */ = {isa = PBXBuildFile; fileRef = CE5248811D468D8200B499CC /* Extensions.swift */; };
		CE5248871D468F8700B499CC /* Localizable.strings in Resources */ = {isa = PBXBuildFile; fileRef = CE5248891D468F8700B499CC /* Localizable.strings */; };
		CE7A7BB41D3E9AFC00C44A25 /* Core.framework in Frameworks */ = {isa = PBXBuildFile; fileRef = CE7A7BB31D3E9AFC00C44A25 /* Core.framework */; };
		CE7A7BB61D3E9FA800C44A25 /* MBProgressHUD.framework in Frameworks */ = {isa = PBXBuildFile; fileRef = CE7A7BB51D3E9FA800C44A25 /* MBProgressHUD.framework */; };
		CE7A7BBD1D3EB60500C44A25 /* Authentication.framework in CopyFiles */ = {isa = PBXBuildFile; fileRef = 9D72AA041C8DC7EA00BB4082 /* Authentication.framework */; settings = {ATTRIBUTES = (RemoveHeadersOnCopy, ); }; };
		CE83C5641D4A56BD00623DF5 /* FrameworkBundle.swift in Sources */ = {isa = PBXBuildFile; fileRef = CE83C5631D4A56BD00623DF5 /* FrameworkBundle.swift */; };
		CE9AC3C61C8F34A70012D20B /* AuthenticationBootstrapper.swift in Sources */ = {isa = PBXBuildFile; fileRef = CE9AC3C51C8F34A70012D20B /* AuthenticationBootstrapper.swift */; };
		CEA65B841D33F9960065283E /* ViewProtocols.swift in Sources */ = {isa = PBXBuildFile; fileRef = CEA65B831D33F9960065283E /* ViewProtocols.swift */; };
		CEBF66BE1C8DDA9E006EE090 /* SessionServiceType.swift in Sources */ = {isa = PBXBuildFile; fileRef = CEBF66BD1C8DDA9E006EE090 /* SessionServiceType.swift */; };
		CEE226A71C9C4011005EB279 /* Localizable.strings in Resources */ = {isa = PBXBuildFile; fileRef = CEE226A91C9C4011005EB279 /* Localizable.strings */; };
		CEE94A901CA06B1B0089E71B /* AppDelegate.swift in Sources */ = {isa = PBXBuildFile; fileRef = CEE94A8F1CA06B1B0089E71B /* AppDelegate.swift */; };
		CEE94A971CA06B1B0089E71B /* Assets.xcassets in Resources */ = {isa = PBXBuildFile; fileRef = CEE94A961CA06B1B0089E71B /* Assets.xcassets */; };
		CEE94AA11CA06BBC0089E71B /* ExampleMainViewController.swift in Sources */ = {isa = PBXBuildFile; fileRef = CEE94A9F1CA06BBC0089E71B /* ExampleMainViewController.swift */; };
		CEE94AA21CA06BBC0089E71B /* ExampleSessionService.swift in Sources */ = {isa = PBXBuildFile; fileRef = CEE94AA01CA06BBC0089E71B /* ExampleSessionService.swift */; };
		CEE94AA71CA06C3C0089E71B /* LaunchScreen.storyboard in Resources */ = {isa = PBXBuildFile; fileRef = CEE94AA31CA06C3C0089E71B /* LaunchScreen.storyboard */; };
		CEE94AA81CA06C3C0089E71B /* Main.storyboard in Resources */ = {isa = PBXBuildFile; fileRef = CEE94AA51CA06C3C0089E71B /* Main.storyboard */; };
		CEE94AAB1CA06C6E0089E71B /* ReactiveCocoa.framework in Frameworks */ = {isa = PBXBuildFile; fileRef = 9D1DFEF71C8DCE0A00F0A37C /* ReactiveCocoa.framework */; };
		CEE94AAD1CA06C6E0089E71B /* Result.framework in Frameworks */ = {isa = PBXBuildFile; fileRef = 9D1DFEF81C8DCE0A00F0A37C /* Result.framework */; };
/* End PBXBuildFile section */

/* Begin PBXContainerItemProxy section */
		9D72AA101C8DC7EB00BB4082 /* PBXContainerItemProxy */ = {
			isa = PBXContainerItemProxy;
			containerPortal = 9D72A9FB1C8DC7EA00BB4082 /* Project object */;
			proxyType = 1;
			remoteGlobalIDString = 9D72AA031C8DC7EA00BB4082;
			remoteInfo = Authentication;
		};
		CEE94AB01CA06C780089E71B /* PBXContainerItemProxy */ = {
			isa = PBXContainerItemProxy;
			containerPortal = 9D72A9FB1C8DC7EA00BB4082 /* Project object */;
			proxyType = 1;
			remoteGlobalIDString = 9D72AA031C8DC7EA00BB4082;
			remoteInfo = Authentication;
		};
/* End PBXContainerItemProxy section */

/* Begin PBXCopyFilesBuildPhase section */
		9D1DFF041C8DCFC100F0A37C /* Copy Frameworks */ = {
			isa = PBXCopyFilesBuildPhase;
			buildActionMask = 2147483647;
			dstPath = "";
			dstSubfolderSpec = 10;
			files = (
				9DC1F1561C94DC8C005FC65A /* CocoaLumberjack.framework in Copy Frameworks */,
				9DC1F1571C94DC8C005FC65A /* ReactiveCocoa.framework in Copy Frameworks */,
				9DC1F1581C94DC8C005FC65A /* Result.framework in Copy Frameworks */,
				9DC1F1591C94DC8C005FC65A /* Rex.framework in Copy Frameworks */,
				9D1DFF051C8DCFC800F0A37C /* Nimble.framework in Copy Frameworks */,
				9D1DFF061C8DCFC800F0A37C /* Quick.framework in Copy Frameworks */,
			);
			name = "Copy Frameworks";
			runOnlyForDeploymentPostprocessing = 0;
		};
		CE7A7BBC1D3EB56A00C44A25 /* CopyFiles */ = {
			isa = PBXCopyFilesBuildPhase;
			buildActionMask = 2147483647;
			dstPath = "";
			dstSubfolderSpec = 10;
			files = (
				CE7A7BBD1D3EB60500C44A25 /* Authentication.framework in CopyFiles */,
			);
			runOnlyForDeploymentPostprocessing = 0;
		};
		CEE94AAF1CA06C6E0089E71B /* Embed Frameworks */ = {
			isa = PBXCopyFilesBuildPhase;
			buildActionMask = 2147483647;
			dstPath = "";
			dstSubfolderSpec = 10;
			files = (
			);
			name = "Embed Frameworks";
			runOnlyForDeploymentPostprocessing = 0;
		};
/* End PBXCopyFilesBuildPhase section */

/* Begin PBXFileReference section */
		9D1DFEF71C8DCE0A00F0A37C /* ReactiveCocoa.framework */ = {isa = PBXFileReference; lastKnownFileType = wrapper.framework; name = ReactiveCocoa.framework; path = Carthage/Build/iOS/ReactiveCocoa.framework; sourceTree = "<group>"; };
		9D1DFEF81C8DCE0A00F0A37C /* Result.framework */ = {isa = PBXFileReference; lastKnownFileType = wrapper.framework; name = Result.framework; path = Carthage/Build/iOS/Result.framework; sourceTree = "<group>"; };
		9D1DFEF91C8DCE0A00F0A37C /* Rex.framework */ = {isa = PBXFileReference; lastKnownFileType = wrapper.framework; name = Rex.framework; path = Carthage/Build/iOS/Rex.framework; sourceTree = "<group>"; };
		9D1DFEFE1C8DCF5300F0A37C /* CocoaLumberjack.framework */ = {isa = PBXFileReference; lastKnownFileType = wrapper.framework; name = CocoaLumberjack.framework; path = Carthage/Build/iOS/CocoaLumberjack.framework; sourceTree = "<group>"; };
		9D1DFF001C8DCFB300F0A37C /* Nimble.framework */ = {isa = PBXFileReference; lastKnownFileType = wrapper.framework; name = Nimble.framework; path = Carthage/Build/iOS/Nimble.framework; sourceTree = "<group>"; };
		9D1DFF011C8DCFB300F0A37C /* Quick.framework */ = {isa = PBXFileReference; lastKnownFileType = wrapper.framework; name = Quick.framework; path = Carthage/Build/iOS/Quick.framework; sourceTree = "<group>"; };
		9D72AA041C8DC7EA00BB4082 /* Authentication.framework */ = {isa = PBXFileReference; explicitFileType = wrapper.framework; includeInIndex = 0; path = Authentication.framework; sourceTree = BUILT_PRODUCTS_DIR; };
		9D72AA071C8DC7EA00BB4082 /* Authentication.h */ = {isa = PBXFileReference; lastKnownFileType = sourcecode.c.h; path = Authentication.h; sourceTree = "<group>"; };
		9D72AA091C8DC7EA00BB4082 /* Info.plist */ = {isa = PBXFileReference; lastKnownFileType = text.plist.xml; path = Info.plist; sourceTree = "<group>"; };
		9D72AA0E1C8DC7EB00BB4082 /* AuthenticationTests.xctest */ = {isa = PBXFileReference; explicitFileType = wrapper.cfbundle; includeInIndex = 0; path = AuthenticationTests.xctest; sourceTree = BUILT_PRODUCTS_DIR; };
		9D72AA151C8DC7EB00BB4082 /* Info.plist */ = {isa = PBXFileReference; lastKnownFileType = text.plist.xml; path = Info.plist; sourceTree = "<group>"; };
		CE111DA11D4FA6A50083C99E /* Email.swift */ = {isa = PBXFileReference; fileEncoding = 4; lastKnownFileType = sourcecode.swift; path = Email.swift; sourceTree = "<group>"; };
		CE111DA21D4FA6A50083C99E /* User.swift */ = {isa = PBXFileReference; fileEncoding = 4; lastKnownFileType = sourcecode.swift; path = User.swift; sourceTree = "<group>"; };
		CE111DA61D4FA6C20083C99E /* MockLoginTransitionDelegate.swift */ = {isa = PBXFileReference; fileEncoding = 4; lastKnownFileType = sourcecode.swift; path = MockLoginTransitionDelegate.swift; sourceTree = "<group>"; };
		CE111DA71D4FA6C20083C99E /* MockSessionService.swift */ = {isa = PBXFileReference; fileEncoding = 4; lastKnownFileType = sourcecode.swift; path = MockSessionService.swift; sourceTree = "<group>"; };
		CE111DA81D4FA6C20083C99E /* MyUser.swift */ = {isa = PBXFileReference; fileEncoding = 4; lastKnownFileType = sourcecode.swift; path = MyUser.swift; sourceTree = "<group>"; };
		CE111DAD1D4FA6FD0083C99E /* RecoverPasswordController.swift */ = {isa = PBXFileReference; fileEncoding = 4; lastKnownFileType = sourcecode.swift; path = RecoverPasswordController.swift; sourceTree = "<group>"; };
		CE111DB71D4FA70D0083C99E /* CompositeValidator.swift */ = {isa = PBXFileReference; fileEncoding = 4; lastKnownFileType = sourcecode.swift; path = CompositeValidator.swift; sourceTree = "<group>"; };
		CE111DB81D4FA70D0083C99E /* ConstantValidators.swift */ = {isa = PBXFileReference; fileEncoding = 4; lastKnownFileType = sourcecode.swift; path = ConstantValidators.swift; sourceTree = "<group>"; };
		CE111DB91D4FA70D0083C99E /* EmailValidator.swift */ = {isa = PBXFileReference; fileEncoding = 4; lastKnownFileType = sourcecode.swift; path = EmailValidator.swift; sourceTree = "<group>"; };
		CE111DBA1D4FA70D0083C99E /* InlineValidator.swift */ = {isa = PBXFileReference; fileEncoding = 4; lastKnownFileType = sourcecode.swift; path = InlineValidator.swift; sourceTree = "<group>"; };
		CE111DBB1D4FA70D0083C99E /* LengthValidators.swift */ = {isa = PBXFileReference; fileEncoding = 4; lastKnownFileType = sourcecode.swift; path = LengthValidators.swift; sourceTree = "<group>"; };
		CE111DBC1D4FA70D0083C99E /* TextInputValidatorType.swift */ = {isa = PBXFileReference; fileEncoding = 4; lastKnownFileType = sourcecode.swift; path = TextInputValidatorType.swift; sourceTree = "<group>"; };
		CE111DC51D4FA7340083C99E /* LoginConfiguration.swift */ = {isa = PBXFileReference; fileEncoding = 4; lastKnownFileType = sourcecode.swift; path = LoginConfiguration.swift; sourceTree = "<group>"; };
		CE111DC61D4FA7340083C99E /* LoginController.swift */ = {isa = PBXFileReference; fileEncoding = 4; lastKnownFileType = sourcecode.swift; path = LoginController.swift; sourceTree = "<group>"; };
		CE111DC71D4FA7340083C99E /* LoginControllerDelegate.swift */ = {isa = PBXFileReference; fileEncoding = 4; lastKnownFileType = sourcecode.swift; path = LoginControllerDelegate.swift; sourceTree = "<group>"; };
		CE111DC81D4FA7340083C99E /* LoginView.swift */ = {isa = PBXFileReference; fileEncoding = 4; lastKnownFileType = sourcecode.swift; path = LoginView.swift; sourceTree = "<group>"; };
		CE111DC91D4FA7340083C99E /* LoginView.xib */ = {isa = PBXFileReference; fileEncoding = 4; lastKnownFileType = file.xib; path = LoginView.xib; sourceTree = "<group>"; };
		CE111DCA1D4FA7340083C99E /* LoginViewConfiguration.swift */ = {isa = PBXFileReference; fileEncoding = 4; lastKnownFileType = sourcecode.swift; path = LoginViewConfiguration.swift; sourceTree = "<group>"; };
		CE111DCB1D4FA7340083C99E /* LoginViewDelegate.swift */ = {isa = PBXFileReference; fileEncoding = 4; lastKnownFileType = sourcecode.swift; path = LoginViewDelegate.swift; sourceTree = "<group>"; };
		CE111DCD1D4FA7340083C99E /* LoginCredentialsValidator.swift */ = {isa = PBXFileReference; fileEncoding = 4; lastKnownFileType = sourcecode.swift; path = LoginCredentialsValidator.swift; sourceTree = "<group>"; };
		CE111DCE1D4FA7340083C99E /* LoginViewModel.swift */ = {isa = PBXFileReference; fileEncoding = 4; lastKnownFileType = sourcecode.swift; path = LoginViewModel.swift; sourceTree = "<group>"; };
		CE111DDA1D4FA7390083C99E /* SignupConfiguration.swift */ = {isa = PBXFileReference; fileEncoding = 4; lastKnownFileType = sourcecode.swift; path = SignupConfiguration.swift; sourceTree = "<group>"; };
		CE111DDB1D4FA7390083C99E /* SignupController.swift */ = {isa = PBXFileReference; fileEncoding = 4; lastKnownFileType = sourcecode.swift; path = SignupController.swift; sourceTree = "<group>"; };
		CE111DDC1D4FA7390083C99E /* SignupControllerDelegate.swift */ = {isa = PBXFileReference; fileEncoding = 4; lastKnownFileType = sourcecode.swift; path = SignupControllerDelegate.swift; sourceTree = "<group>"; };
		CE111DDD1D4FA7390083C99E /* SignupView.swift */ = {isa = PBXFileReference; fileEncoding = 4; lastKnownFileType = sourcecode.swift; path = SignupView.swift; sourceTree = "<group>"; };
		CE111DDE1D4FA7390083C99E /* SignupView.xib */ = {isa = PBXFileReference; fileEncoding = 4; lastKnownFileType = file.xib; path = SignupView.xib; sourceTree = "<group>"; };
		CE111DDF1D4FA7390083C99E /* SignupViewConfiguration.swift */ = {isa = PBXFileReference; fileEncoding = 4; lastKnownFileType = sourcecode.swift; path = SignupViewConfiguration.swift; sourceTree = "<group>"; };
		CE111DE01D4FA7390083C99E /* SignupViewDelegate.swift */ = {isa = PBXFileReference; fileEncoding = 4; lastKnownFileType = sourcecode.swift; path = SignupViewDelegate.swift; sourceTree = "<group>"; };
		CE111DE21D4FA7390083C99E /* SignupCredentialsValidator.swift */ = {isa = PBXFileReference; fileEncoding = 4; lastKnownFileType = sourcecode.swift; path = SignupCredentialsValidator.swift; sourceTree = "<group>"; };
		CE111DE31D4FA7390083C99E /* SignupViewModel.swift */ = {isa = PBXFileReference; fileEncoding = 4; lastKnownFileType = sourcecode.swift; path = SignupViewModel.swift; sourceTree = "<group>"; };
		CE111DEE1D4FA78E0083C99E /* LoginControllerTests.swift */ = {isa = PBXFileReference; fileEncoding = 4; lastKnownFileType = sourcecode.swift; path = LoginControllerTests.swift; sourceTree = "<group>"; };
		CE111DEF1D4FA78E0083C99E /* LoginViewModelTests.swift */ = {isa = PBXFileReference; fileEncoding = 4; lastKnownFileType = sourcecode.swift; path = LoginViewModelTests.swift; sourceTree = "<group>"; };
		CE111DF31D4FA79A0083C99E /* AnyInputTextValidatorTests.swift */ = {isa = PBXFileReference; fileEncoding = 4; lastKnownFileType = sourcecode.swift; path = AnyInputTextValidatorTests.swift; sourceTree = "<group>"; };
		CE111DF41D4FA79A0083C99E /* CompositeValidatorTests.swift */ = {isa = PBXFileReference; fileEncoding = 4; lastKnownFileType = sourcecode.swift; path = CompositeValidatorTests.swift; sourceTree = "<group>"; };
		CE111DF51D4FA79A0083C99E /* EmailValidatorTests.swift */ = {isa = PBXFileReference; fileEncoding = 4; lastKnownFileType = sourcecode.swift; path = EmailValidatorTests.swift; sourceTree = "<group>"; };
		CE111DF61D4FA79A0083C99E /* MaxLengthValidatorTests.swift */ = {isa = PBXFileReference; fileEncoding = 4; lastKnownFileType = sourcecode.swift; path = MaxLengthValidatorTests.swift; sourceTree = "<group>"; };
		CE111DF71D4FA79A0083C99E /* MinLengthValidatorTests.swift */ = {isa = PBXFileReference; fileEncoding = 4; lastKnownFileType = sourcecode.swift; path = MinLengthValidatorTests.swift; sourceTree = "<group>"; };
		CE111DF81D4FA79A0083C99E /* NonEmptyValidatorTests.swift */ = {isa = PBXFileReference; fileEncoding = 4; lastKnownFileType = sourcecode.swift; path = NonEmptyValidatorTests.swift; sourceTree = "<group>"; };
		CE111E001D4FA80E0083C99E /* TermsAndServicesController.swift */ = {isa = PBXFileReference; fileEncoding = 4; lastKnownFileType = sourcecode.swift; path = TermsAndServicesController.swift; sourceTree = "<group>"; };
		CE111E011D4FA80E0083C99E /* TermsAndServicesControllerDelegate.swift */ = {isa = PBXFileReference; fileEncoding = 4; lastKnownFileType = sourcecode.swift; path = TermsAndServicesControllerDelegate.swift; sourceTree = "<group>"; };
		CE111E0C1D4FA8980083C99E /* AuthenticationViewConfiguration.swift */ = {isa = PBXFileReference; fileEncoding = 4; lastKnownFileType = sourcecode.swift; path = AuthenticationViewConfiguration.swift; sourceTree = "<group>"; };
		CE111E0D1D4FA8980083C99E /* ColorPalette.swift */ = {isa = PBXFileReference; fileEncoding = 4; lastKnownFileType = sourcecode.swift; path = ColorPalette.swift; sourceTree = "<group>"; };
		CE111E0E1D4FA8980083C99E /* FontPalette.swift */ = {isa = PBXFileReference; fileEncoding = 4; lastKnownFileType = sourcecode.swift; path = FontPalette.swift; sourceTree = "<group>"; };
		CE111E121D4FC5890083C99E /* SignupViewModelSpec.swift */ = {isa = PBXFileReference; fileEncoding = 4; lastKnownFileType = sourcecode.swift; path = SignupViewModelSpec.swift; sourceTree = "<group>"; };
		CE5248811D468D8200B499CC /* Extensions.swift */ = {isa = PBXFileReference; fileEncoding = 4; lastKnownFileType = sourcecode.swift; path = Extensions.swift; sourceTree = "<group>"; };
		CE5248881D468F8700B499CC /* en */ = {isa = PBXFileReference; lastKnownFileType = text.plist.strings; name = en; path = en.lproj/Localizable.strings; sourceTree = "<group>"; };
		CE7A7BB31D3E9AFC00C44A25 /* Core.framework */ = {isa = PBXFileReference; lastKnownFileType = wrapper.framework; name = Core.framework; path = Carthage/Build/iOS/Core.framework; sourceTree = "<group>"; };
		CE7A7BB51D3E9FA800C44A25 /* MBProgressHUD.framework */ = {isa = PBXFileReference; lastKnownFileType = wrapper.framework; name = MBProgressHUD.framework; path = Carthage/Build/iOS/MBProgressHUD.framework; sourceTree = "<group>"; };
		CE7A7BB71D3EA01C00C44A25 /* AVFoundation.framework */ = {isa = PBXFileReference; lastKnownFileType = wrapper.framework; name = AVFoundation.framework; path = System/Library/Frameworks/AVFoundation.framework; sourceTree = SDKROOT; };
		CE7A7BBA1D3EA73200C44A25 /* es */ = {isa = PBXFileReference; lastKnownFileType = text.plist.strings; name = es; path = Authentication/es.lproj/Localizable.strings; sourceTree = SOURCE_ROOT; };
		CE83C5631D4A56BD00623DF5 /* FrameworkBundle.swift */ = {isa = PBXFileReference; fileEncoding = 4; lastKnownFileType = sourcecode.swift; path = FrameworkBundle.swift; sourceTree = "<group>"; };
		CE9AC3C51C8F34A70012D20B /* AuthenticationBootstrapper.swift */ = {isa = PBXFileReference; fileEncoding = 4; lastKnownFileType = sourcecode.swift; path = AuthenticationBootstrapper.swift; sourceTree = "<group>"; };
		CEA65B831D33F9960065283E /* ViewProtocols.swift */ = {isa = PBXFileReference; fileEncoding = 4; lastKnownFileType = sourcecode.swift; path = ViewProtocols.swift; sourceTree = "<group>"; };
		CEBF66BD1C8DDA9E006EE090 /* SessionServiceType.swift */ = {isa = PBXFileReference; fileEncoding = 4; lastKnownFileType = sourcecode.swift; path = SessionServiceType.swift; sourceTree = "<group>"; };
		CEE226A81C9C4011005EB279 /* en */ = {isa = PBXFileReference; lastKnownFileType = text.plist.strings; name = en; path = en.lproj/Localizable.strings; sourceTree = "<group>"; };
		CEE226AF1C9C726F005EB279 /* Base */ = {isa = PBXFileReference; lastKnownFileType = text.plist.strings; name = Base; path = Base.lproj/Localizable.strings; sourceTree = "<group>"; };
		CEE94A8D1CA06B1B0089E71B /* AuthenticationDemo.app */ = {isa = PBXFileReference; explicitFileType = wrapper.application; includeInIndex = 0; path = AuthenticationDemo.app; sourceTree = BUILT_PRODUCTS_DIR; };
		CEE94A8F1CA06B1B0089E71B /* AppDelegate.swift */ = {isa = PBXFileReference; lastKnownFileType = sourcecode.swift; path = AppDelegate.swift; sourceTree = "<group>"; };
		CEE94A961CA06B1B0089E71B /* Assets.xcassets */ = {isa = PBXFileReference; lastKnownFileType = folder.assetcatalog; path = Assets.xcassets; sourceTree = "<group>"; };
		CEE94A9B1CA06B1B0089E71B /* Info.plist */ = {isa = PBXFileReference; lastKnownFileType = text.plist.xml; path = Info.plist; sourceTree = "<group>"; };
		CEE94A9F1CA06BBC0089E71B /* ExampleMainViewController.swift */ = {isa = PBXFileReference; fileEncoding = 4; lastKnownFileType = sourcecode.swift; path = ExampleMainViewController.swift; sourceTree = "<group>"; };
		CEE94AA01CA06BBC0089E71B /* ExampleSessionService.swift */ = {isa = PBXFileReference; fileEncoding = 4; lastKnownFileType = sourcecode.swift; path = ExampleSessionService.swift; sourceTree = "<group>"; };
		CEE94AA41CA06C3C0089E71B /* Base */ = {isa = PBXFileReference; lastKnownFileType = file.storyboard; name = Base; path = Base.lproj/LaunchScreen.storyboard; sourceTree = "<group>"; };
		CEE94AA61CA06C3C0089E71B /* Base */ = {isa = PBXFileReference; lastKnownFileType = file.storyboard; name = Base; path = Base.lproj/Main.storyboard; sourceTree = "<group>"; };
		CEF7252B1CA1ADE400A4215A /* en */ = {isa = PBXFileReference; lastKnownFileType = text.plist.strings; name = en; path = en.lproj/LaunchScreen.strings; sourceTree = "<group>"; };
		CEF7252C1CA1ADEB00A4215A /* es */ = {isa = PBXFileReference; lastKnownFileType = text.plist.strings; name = es; path = es.lproj/LaunchScreen.strings; sourceTree = "<group>"; };
		CEF7252E1CA1ADEF00A4215A /* en */ = {isa = PBXFileReference; lastKnownFileType = text.plist.strings; name = en; path = en.lproj/Main.strings; sourceTree = "<group>"; };
		CEF7252F1CA1ADF000A4215A /* es */ = {isa = PBXFileReference; lastKnownFileType = text.plist.strings; name = es; path = es.lproj/Main.strings; sourceTree = "<group>"; };
/* End PBXFileReference section */

/* Begin PBXFrameworksBuildPhase section */
		9D72AA001C8DC7EA00BB4082 /* Frameworks */ = {
			isa = PBXFrameworksBuildPhase;
			buildActionMask = 2147483647;
			files = (
				9D1DFEFA1C8DCE0A00F0A37C /* ReactiveCocoa.framework in Frameworks */,
				9D1DFEFB1C8DCE0A00F0A37C /* Result.framework in Frameworks */,
				9D1DFEFC1C8DCE0A00F0A37C /* Rex.framework in Frameworks */,
				CE7A7BB41D3E9AFC00C44A25 /* Core.framework in Frameworks */,
				CE7A7BB61D3E9FA800C44A25 /* MBProgressHUD.framework in Frameworks */,
				9D1DFEFF1C8DCF5300F0A37C /* CocoaLumberjack.framework in Frameworks */,
			);
			runOnlyForDeploymentPostprocessing = 0;
		};
		9D72AA0B1C8DC7EA00BB4082 /* Frameworks */ = {
			isa = PBXFrameworksBuildPhase;
			buildActionMask = 2147483647;
			files = (
				9D1DFF021C8DCFB300F0A37C /* Nimble.framework in Frameworks */,
				9D1DFF031C8DCFB300F0A37C /* Quick.framework in Frameworks */,
				9D72AA0F1C8DC7EB00BB4082 /* Authentication.framework in Frameworks */,
			);
			runOnlyForDeploymentPostprocessing = 0;
		};
		CEE94A8A1CA06B1B0089E71B /* Frameworks */ = {
			isa = PBXFrameworksBuildPhase;
			buildActionMask = 2147483647;
			files = (
				CEE94AAB1CA06C6E0089E71B /* ReactiveCocoa.framework in Frameworks */,
				CEE94AAD1CA06C6E0089E71B /* Result.framework in Frameworks */,
			);
			runOnlyForDeploymentPostprocessing = 0;
		};
/* End PBXFrameworksBuildPhase section */

/* Begin PBXGroup section */
		9D1DFEF61C8DCDF600F0A37C /* Frameworks */ = {
			isa = PBXGroup;
			children = (
				CE7A7BB71D3EA01C00C44A25 /* AVFoundation.framework */,
				CE7A7BB51D3E9FA800C44A25 /* MBProgressHUD.framework */,
				CE7A7BB31D3E9AFC00C44A25 /* Core.framework */,
				9D1DFF001C8DCFB300F0A37C /* Nimble.framework */,
				9D1DFF011C8DCFB300F0A37C /* Quick.framework */,
				9D1DFEFE1C8DCF5300F0A37C /* CocoaLumberjack.framework */,
				9D1DFEF71C8DCE0A00F0A37C /* ReactiveCocoa.framework */,
				9D1DFEF81C8DCE0A00F0A37C /* Result.framework */,
				9D1DFEF91C8DCE0A00F0A37C /* Rex.framework */,
			);
			name = Frameworks;
			sourceTree = "<group>";
		};
		9D72A9FA1C8DC7EA00BB4082 = {
			isa = PBXGroup;
			children = (
				CEE94A8E1CA06B1B0089E71B /* AuthenticationDemo */,
				9D1DFEF61C8DCDF600F0A37C /* Frameworks */,
				9D72AA061C8DC7EA00BB4082 /* Authentication */,
				9D72AA121C8DC7EB00BB4082 /* AuthenticationTests */,
				9D72AA051C8DC7EA00BB4082 /* Products */,
			);
			sourceTree = "<group>";
		};
		9D72AA051C8DC7EA00BB4082 /* Products */ = {
			isa = PBXGroup;
			children = (
				9D72AA041C8DC7EA00BB4082 /* Authentication.framework */,
				9D72AA0E1C8DC7EB00BB4082 /* AuthenticationTests.xctest */,
				CEE94A8D1CA06B1B0089E71B /* AuthenticationDemo.app */,
			);
			name = Products;
			sourceTree = "<group>";
		};
		9D72AA061C8DC7EA00BB4082 /* Authentication */ = {
			isa = PBXGroup;
			children = (
				CEE226A91C9C4011005EB279 /* Localizable.strings */,
				CE111DB61D4FA70D0083C99E /* Validators */,
				CE111DA01D4FA6A50083C99E /* Models */,
				CE111E0B1D4FA8980083C99E /* ViewConfiguration */,
				CE111DC31D4FA7340083C99E /* Login */,
				CE111DD81D4FA7390083C99E /* SignUp */,
				CE111DAC1D4FA6FD0083C99E /* RecoverPassword */,
				CEBF66BD1C8DDA9E006EE090 /* SessionServiceType.swift */,
				CE9AC3C51C8F34A70012D20B /* AuthenticationBootstrapper.swift */,
				CEA65B831D33F9960065283E /* ViewProtocols.swift */,
				CE5248811D468D8200B499CC /* Extensions.swift */,
				CE83C5631D4A56BD00623DF5 /* FrameworkBundle.swift */,
				9D72AA071C8DC7EA00BB4082 /* Authentication.h */,
				9D72AA091C8DC7EA00BB4082 /* Info.plist */,
			);
			path = Authentication;
			sourceTree = "<group>";
		};
		9D72AA121C8DC7EB00BB4082 /* AuthenticationTests */ = {
			isa = PBXGroup;
			children = (
				CE111DF21D4FA79A0083C99E /* Validators */,
				CE111DA51D4FA6C20083C99E /* Mocks */,
				CE111DED1D4FA78E0083C99E /* Login */,
				CE89A25A1CAEC68300E1903B /* Signup */,
				9D72AA151C8DC7EB00BB4082 /* Info.plist */,
			);
			path = AuthenticationTests;
			sourceTree = "<group>";
		};
		CE111DA01D4FA6A50083C99E /* Models */ = {
			isa = PBXGroup;
			children = (
				CE111DA11D4FA6A50083C99E /* Email.swift */,
				CE111DA21D4FA6A50083C99E /* User.swift */,
			);
			path = Models;
			sourceTree = "<group>";
		};
		CE111DA51D4FA6C20083C99E /* Mocks */ = {
			isa = PBXGroup;
			children = (
				CE111DA61D4FA6C20083C99E /* MockLoginTransitionDelegate.swift */,
				CE111DA71D4FA6C20083C99E /* MockSessionService.swift */,
				CE111DA81D4FA6C20083C99E /* MyUser.swift */,
			);
			path = Mocks;
			sourceTree = "<group>";
		};
		CE111DAC1D4FA6FD0083C99E /* RecoverPassword */ = {
			isa = PBXGroup;
			children = (
				CE111DAD1D4FA6FD0083C99E /* RecoverPasswordController.swift */,
			);
			path = RecoverPassword;
			sourceTree = "<group>";
		};
		CE111DB61D4FA70D0083C99E /* Validators */ = {
			isa = PBXGroup;
			children = (
				CE111DB71D4FA70D0083C99E /* CompositeValidator.swift */,
				CE111DB81D4FA70D0083C99E /* ConstantValidators.swift */,
				CE111DB91D4FA70D0083C99E /* EmailValidator.swift */,
				CE111DBA1D4FA70D0083C99E /* InlineValidator.swift */,
				CE111DBB1D4FA70D0083C99E /* LengthValidators.swift */,
				CE111DBC1D4FA70D0083C99E /* TextInputValidatorType.swift */,
			);
			path = Validators;
			sourceTree = "<group>";
		};
		CE111DC31D4FA7340083C99E /* Login */ = {
			isa = PBXGroup;
			children = (
				CE111DCC1D4FA7340083C99E /* ViewModel */,
				CE111DC41D4FA7340083C99E /* View */,
			);
			path = Login;
			sourceTree = "<group>";
		};
		CE111DC41D4FA7340083C99E /* View */ = {
			isa = PBXGroup;
			children = (
				CE111DC61D4FA7340083C99E /* LoginController.swift */,
				CE111DC51D4FA7340083C99E /* LoginConfiguration.swift */,
				CE111DC71D4FA7340083C99E /* LoginControllerDelegate.swift */,
				CE111DC91D4FA7340083C99E /* LoginView.xib */,
				CE111DC81D4FA7340083C99E /* LoginView.swift */,
				CE111DCA1D4FA7340083C99E /* LoginViewConfiguration.swift */,
				CE111DCB1D4FA7340083C99E /* LoginViewDelegate.swift */,
			);
			path = View;
			sourceTree = "<group>";
		};
		CE111DCC1D4FA7340083C99E /* ViewModel */ = {
			isa = PBXGroup;
			children = (
				CE111DCD1D4FA7340083C99E /* LoginCredentialsValidator.swift */,
				CE111DCE1D4FA7340083C99E /* LoginViewModel.swift */,
			);
			path = ViewModel;
			sourceTree = "<group>";
		};
		CE111DD81D4FA7390083C99E /* SignUp */ = {
			isa = PBXGroup;
			children = (
				CE111DE11D4FA7390083C99E /* ViewModel */,
				CE111DD91D4FA7390083C99E /* View */,
				CE111DFF1D4FA80E0083C99E /* TermsAndServices */,
			);
			path = SignUp;
			sourceTree = "<group>";
		};
		CE111DD91D4FA7390083C99E /* View */ = {
			isa = PBXGroup;
			children = (
				CE111DDB1D4FA7390083C99E /* SignupController.swift */,
				CE111DDA1D4FA7390083C99E /* SignupConfiguration.swift */,
				CE111DDF1D4FA7390083C99E /* SignupViewConfiguration.swift */,
				CE111DDE1D4FA7390083C99E /* SignupView.xib */,
				CE111DDD1D4FA7390083C99E /* SignupView.swift */,
				CE111DDC1D4FA7390083C99E /* SignupControllerDelegate.swift */,
				CE111DE01D4FA7390083C99E /* SignupViewDelegate.swift */,
			);
			path = View;
			sourceTree = "<group>";
		};
		CE111DE11D4FA7390083C99E /* ViewModel */ = {
			isa = PBXGroup;
			children = (
				CE111DE21D4FA7390083C99E /* SignupCredentialsValidator.swift */,
				CE111DE31D4FA7390083C99E /* SignupViewModel.swift */,
			);
			path = ViewModel;
			sourceTree = "<group>";
		};
		CE111DED1D4FA78E0083C99E /* Login */ = {
			isa = PBXGroup;
			children = (
				CE111DEE1D4FA78E0083C99E /* LoginControllerTests.swift */,
				CE111DEF1D4FA78E0083C99E /* LoginViewModelTests.swift */,
			);
			path = Login;
			sourceTree = "<group>";
		};
		CE111DF21D4FA79A0083C99E /* Validators */ = {
			isa = PBXGroup;
			children = (
				CE111DF31D4FA79A0083C99E /* AnyInputTextValidatorTests.swift */,
				CE111DF41D4FA79A0083C99E /* CompositeValidatorTests.swift */,
				CE111DF51D4FA79A0083C99E /* EmailValidatorTests.swift */,
				CE111DF61D4FA79A0083C99E /* MaxLengthValidatorTests.swift */,
				CE111DF71D4FA79A0083C99E /* MinLengthValidatorTests.swift */,
				CE111DF81D4FA79A0083C99E /* NonEmptyValidatorTests.swift */,
			);
			path = Validators;
			sourceTree = "<group>";
		};
		CE111DFF1D4FA80E0083C99E /* TermsAndServices */ = {
			isa = PBXGroup;
			children = (
				CE111E001D4FA80E0083C99E /* TermsAndServicesController.swift */,
				CE111E011D4FA80E0083C99E /* TermsAndServicesControllerDelegate.swift */,
			);
			path = TermsAndServices;
			sourceTree = "<group>";
		};
		CE111E0B1D4FA8980083C99E /* ViewConfiguration */ = {
			isa = PBXGroup;
			children = (
				CE111E0C1D4FA8980083C99E /* AuthenticationViewConfiguration.swift */,
				CE111E0D1D4FA8980083C99E /* ColorPalette.swift */,
				CE111E0E1D4FA8980083C99E /* FontPalette.swift */,
			);
			path = ViewConfiguration;
			sourceTree = "<group>";
		};
		CE89A25A1CAEC68300E1903B /* Signup */ = {
			isa = PBXGroup;
			children = (
				CE111E121D4FC5890083C99E /* SignupViewModelSpec.swift */,
			);
			path = Signup;
			sourceTree = "<group>";
		};
		CEE94A8E1CA06B1B0089E71B /* AuthenticationDemo */ = {
			isa = PBXGroup;
			children = (
				CEE94AA31CA06C3C0089E71B /* LaunchScreen.storyboard */,
				CEE94AA51CA06C3C0089E71B /* Main.storyboard */,
				CEE94A9F1CA06BBC0089E71B /* ExampleMainViewController.swift */,
				CEE94AA01CA06BBC0089E71B /* ExampleSessionService.swift */,
				CEE94A8F1CA06B1B0089E71B /* AppDelegate.swift */,
				CEE94A961CA06B1B0089E71B /* Assets.xcassets */,
				CEE94A9B1CA06B1B0089E71B /* Info.plist */,
				CE5248891D468F8700B499CC /* Localizable.strings */,
			);
			path = AuthenticationDemo;
			sourceTree = "<group>";
		};
/* End PBXGroup section */

/* Begin PBXHeadersBuildPhase section */
		9D72AA011C8DC7EA00BB4082 /* Headers */ = {
			isa = PBXHeadersBuildPhase;
			buildActionMask = 2147483647;
			files = (
				9D72AA081C8DC7EA00BB4082 /* Authentication.h in Headers */,
			);
			runOnlyForDeploymentPostprocessing = 0;
		};
/* End PBXHeadersBuildPhase section */

/* Begin PBXNativeTarget section */
		9D72AA031C8DC7EA00BB4082 /* Authentication */ = {
			isa = PBXNativeTarget;
			buildConfigurationList = 9D72AA181C8DC7EB00BB4082 /* Build configuration list for PBXNativeTarget "Authentication" */;
			buildPhases = (
				9D72A9FF1C8DC7EA00BB4082 /* Sources */,
				9D72AA001C8DC7EA00BB4082 /* Frameworks */,
				9D72AA011C8DC7EA00BB4082 /* Headers */,
				9D72AA021C8DC7EA00BB4082 /* Resources */,
				9D1DFEFD1C8DCE1500F0A37C /* Carthage */,
				CE913DD41C90445A00D8F2B2 /* Swiftlint in CI */,
			);
			buildRules = (
			);
			dependencies = (
			);
			name = Authentication;
			productName = Authentication;
			productReference = 9D72AA041C8DC7EA00BB4082 /* Authentication.framework */;
			productType = "com.apple.product-type.framework";
		};
		9D72AA0D1C8DC7EA00BB4082 /* AuthenticationTests */ = {
			isa = PBXNativeTarget;
			buildConfigurationList = 9D72AA1B1C8DC7EB00BB4082 /* Build configuration list for PBXNativeTarget "AuthenticationTests" */;
			buildPhases = (
				9D72AA0A1C8DC7EA00BB4082 /* Sources */,
				9D72AA0B1C8DC7EA00BB4082 /* Frameworks */,
				9D72AA0C1C8DC7EA00BB4082 /* Resources */,
				9D1DFF041C8DCFC100F0A37C /* Copy Frameworks */,
			);
			buildRules = (
			);
			dependencies = (
				9D72AA111C8DC7EB00BB4082 /* PBXTargetDependency */,
			);
			name = AuthenticationTests;
			productName = AuthenticationTests;
			productReference = 9D72AA0E1C8DC7EB00BB4082 /* AuthenticationTests.xctest */;
			productType = "com.apple.product-type.bundle.unit-test";
		};
		CEE94A8C1CA06B1B0089E71B /* AuthenticationDemo */ = {
			isa = PBXNativeTarget;
			buildConfigurationList = CEE94A9E1CA06B1B0089E71B /* Build configuration list for PBXNativeTarget "AuthenticationDemo" */;
			buildPhases = (
				CEE94A891CA06B1B0089E71B /* Sources */,
				CEE94A8A1CA06B1B0089E71B /* Frameworks */,
				CEE94A8B1CA06B1B0089E71B /* Resources */,
				CEE94AAF1CA06C6E0089E71B /* Embed Frameworks */,
				CE7A7BBC1D3EB56A00C44A25 /* CopyFiles */,
				CE7A7BBE1D3EB63600C44A25 /* Carthage */,
			);
			buildRules = (
			);
			dependencies = (
				CEE94AB11CA06C780089E71B /* PBXTargetDependency */,
			);
			name = AuthenticationDemo;
			productName = "Authentication Demo";
			productReference = CEE94A8D1CA06B1B0089E71B /* AuthenticationDemo.app */;
			productType = "com.apple.product-type.application";
		};
/* End PBXNativeTarget section */

/* Begin PBXProject section */
		9D72A9FB1C8DC7EA00BB4082 /* Project object */ = {
			isa = PBXProject;
			attributes = {
				LastSwiftMigration = 0730;
				LastSwiftUpdateCheck = 0720;
				LastUpgradeCheck = 0720;
				ORGANIZATIONNAME = Wolox;
				TargetAttributes = {
					9D72AA031C8DC7EA00BB4082 = {
						CreatedOnToolsVersion = 7.2.1;
					};
					9D72AA0D1C8DC7EA00BB4082 = {
						CreatedOnToolsVersion = 7.2.1;
					};
					CEE94A8C1CA06B1B0089E71B = {
						CreatedOnToolsVersion = 7.2.1;
					};
				};
			};
			buildConfigurationList = 9D72A9FE1C8DC7EA00BB4082 /* Build configuration list for PBXProject "Authentication" */;
			compatibilityVersion = "Xcode 3.2";
			developmentRegion = English;
			hasScannedForEncodings = 0;
			knownRegions = (
				en,
				Base,
				es,
			);
			mainGroup = 9D72A9FA1C8DC7EA00BB4082;
			productRefGroup = 9D72AA051C8DC7EA00BB4082 /* Products */;
			projectDirPath = "";
			projectRoot = "";
			targets = (
				9D72AA031C8DC7EA00BB4082 /* Authentication */,
				9D72AA0D1C8DC7EA00BB4082 /* AuthenticationTests */,
				CEE94A8C1CA06B1B0089E71B /* AuthenticationDemo */,
			);
		};
/* End PBXProject section */

/* Begin PBXResourcesBuildPhase section */
		9D72AA021C8DC7EA00BB4082 /* Resources */ = {
			isa = PBXResourcesBuildPhase;
			buildActionMask = 2147483647;
			files = (
				CE111DD31D4FA7340083C99E /* LoginView.xib in Resources */,
				CEE226A71C9C4011005EB279 /* Localizable.strings in Resources */,
				CE111DE81D4FA7390083C99E /* SignupView.xib in Resources */,
			);
			runOnlyForDeploymentPostprocessing = 0;
		};
		9D72AA0C1C8DC7EA00BB4082 /* Resources */ = {
			isa = PBXResourcesBuildPhase;
			buildActionMask = 2147483647;
			files = (
			);
			runOnlyForDeploymentPostprocessing = 0;
		};
		CEE94A8B1CA06B1B0089E71B /* Resources */ = {
			isa = PBXResourcesBuildPhase;
			buildActionMask = 2147483647;
			files = (
				CEE94AA81CA06C3C0089E71B /* Main.storyboard in Resources */,
				CE5248871D468F8700B499CC /* Localizable.strings in Resources */,
				CEE94A971CA06B1B0089E71B /* Assets.xcassets in Resources */,
				CEE94AA71CA06C3C0089E71B /* LaunchScreen.storyboard in Resources */,
			);
			runOnlyForDeploymentPostprocessing = 0;
		};
/* End PBXResourcesBuildPhase section */

/* Begin PBXShellScriptBuildPhase section */
		9D1DFEFD1C8DCE1500F0A37C /* Carthage */ = {
			isa = PBXShellScriptBuildPhase;
			buildActionMask = 2147483647;
			files = (
			);
			inputPaths = (
				"$(SRCROOT)/Carthage/Build/iOS/ReactiveCocoa.framework",
				"$(SRCROOT)/Carthage/Build/iOS/Result.framework",
				"$(SRCROOT)/Carthage/Build/iOS/Rex.framework",
				"$(SRCROOT)/Carthage/Build/iOS/CocoaLumberjack.framework",
				"$(SRCROOT)/Carthage/Build/iOS/Core.framework",
				"$(SRCROOT)/Carthage/Build/iOS/MBProgressHUD.framework",
			);
			name = Carthage;
			outputPaths = (
			);
			runOnlyForDeploymentPostprocessing = 0;
			shellPath = /bin/sh;
			shellScript = "/usr/local/bin/carthage copy-frameworks";
		};
		CE7A7BBE1D3EB63600C44A25 /* Carthage */ = {
			isa = PBXShellScriptBuildPhase;
			buildActionMask = 2147483647;
			files = (
			);
			inputPaths = (
				"$(SRCROOT)/Carthage/Build/iOS/ReactiveCocoa.framework",
				"$(SRCROOT)/Carthage/Build/iOS/Result.framework",
				"$(SRCROOT)/Carthage/Build/iOS/Core.framework",
				"$(SRCROOT)/Carthage/Build/iOS/MBProgressHUD.framework",
				"$(SRCROOT)/Carthage/Build/iOS/Rex.framework",
				"$(SRCROOT)/Carthage/Build/iOS/CocoaLumberjack.framework",
			);
			name = Carthage;
			outputPaths = (
			);
			runOnlyForDeploymentPostprocessing = 0;
			shellPath = /bin/sh;
			shellScript = "/usr/local/bin/carthage copy-frameworks";
		};
		CE913DD41C90445A00D8F2B2 /* Swiftlint in CI */ = {
			isa = PBXShellScriptBuildPhase;
			buildActionMask = 2147483647;
			files = (
			);
			inputPaths = (
			);
			name = "Swiftlint in CI";
			outputPaths = (
			);
			runOnlyForDeploymentPostprocessing = 0;
			shellPath = /bin/sh;
			shellScript = "if [ ! -z \"$RUNNING_ON_CI\" ]\nthen\necho \"SwiftLint run script has been disabled\"\nexit 0\nfi\n\nif which swiftlint >/dev/null; then\nswiftlint\nelse\necho \"warning: SwiftLint not installed, download from https://github.com/realm/SwiftLint\"\nfi";
		};
/* End PBXShellScriptBuildPhase section */

/* Begin PBXSourcesBuildPhase section */
		9D72A9FF1C8DC7EA00BB4082 /* Sources */ = {
			isa = PBXSourcesBuildPhase;
			buildActionMask = 2147483647;
			files = (
				CE111DD01D4FA7340083C99E /* LoginController.swift in Sources */,
				CE111E021D4FA80E0083C99E /* TermsAndServicesController.swift in Sources */,
				CE111DC21D4FA70D0083C99E /* TextInputValidatorType.swift in Sources */,
				CE111DCF1D4FA7340083C99E /* LoginConfiguration.swift in Sources */,
				CE111DD11D4FA7340083C99E /* LoginControllerDelegate.swift in Sources */,
				CE83C5641D4A56BD00623DF5 /* FrameworkBundle.swift in Sources */,
				CE111DE51D4FA7390083C99E /* SignupController.swift in Sources */,
				CEBF66BE1C8DDA9E006EE090 /* SessionServiceType.swift in Sources */,
				CE111E111D4FA8980083C99E /* FontPalette.swift in Sources */,
				CE111DAE1D4FA6FD0083C99E /* RecoverPasswordController.swift in Sources */,
				CEA65B841D33F9960065283E /* ViewProtocols.swift in Sources */,
				CE111DEB1D4FA7390083C99E /* SignupCredentialsValidator.swift in Sources */,
				CE111DE61D4FA7390083C99E /* SignupControllerDelegate.swift in Sources */,
				CE111DC11D4FA70D0083C99E /* LengthValidators.swift in Sources */,
				CE111DE71D4FA7390083C99E /* SignupView.swift in Sources */,
				CE111DBD1D4FA70D0083C99E /* CompositeValidator.swift in Sources */,
				CE111DA31D4FA6A50083C99E /* Email.swift in Sources */,
				CE111DD51D4FA7340083C99E /* LoginViewDelegate.swift in Sources */,
				CE111E101D4FA8980083C99E /* ColorPalette.swift in Sources */,
				CE111E031D4FA80E0083C99E /* TermsAndServicesControllerDelegate.swift in Sources */,
				CE111DD71D4FA7340083C99E /* LoginViewModel.swift in Sources */,
				CE111DC01D4FA70D0083C99E /* InlineValidator.swift in Sources */,
				CE111DBF1D4FA70D0083C99E /* EmailValidator.swift in Sources */,
				CE5248821D468D8200B499CC /* Extensions.swift in Sources */,
				CE111DD41D4FA7340083C99E /* LoginViewConfiguration.swift in Sources */,
				CE111DE41D4FA7390083C99E /* SignupConfiguration.swift in Sources */,
				CE111DD21D4FA7340083C99E /* LoginView.swift in Sources */,
				CE111DE91D4FA7390083C99E /* SignupViewConfiguration.swift in Sources */,
				CE111DBE1D4FA70D0083C99E /* ConstantValidators.swift in Sources */,
				CE111DEC1D4FA7390083C99E /* SignupViewModel.swift in Sources */,
				CE111DEA1D4FA7390083C99E /* SignupViewDelegate.swift in Sources */,
				CE9AC3C61C8F34A70012D20B /* AuthenticationBootstrapper.swift in Sources */,
				CE111DA41D4FA6A50083C99E /* User.swift in Sources */,
				CE111E0F1D4FA8980083C99E /* AuthenticationViewConfiguration.swift in Sources */,
				CE111DD61D4FA7340083C99E /* LoginCredentialsValidator.swift in Sources */,
			);
			runOnlyForDeploymentPostprocessing = 0;
		};
		9D72AA0A1C8DC7EA00BB4082 /* Sources */ = {
			isa = PBXSourcesBuildPhase;
			buildActionMask = 2147483647;
			files = (
				CE111DF11D4FA78E0083C99E /* LoginViewModelTests.swift in Sources */,
				CE111DF01D4FA78E0083C99E /* LoginControllerTests.swift in Sources */,
				CE111DAA1D4FA6C20083C99E /* MockSessionService.swift in Sources */,
				CE111DFE1D4FA79A0083C99E /* NonEmptyValidatorTests.swift in Sources */,
				CE111DA91D4FA6C20083C99E /* MockLoginTransitionDelegate.swift in Sources */,
				CE111E131D4FC5890083C99E /* SignupViewModelSpec.swift in Sources */,
				CE111DF91D4FA79A0083C99E /* AnyInputTextValidatorTests.swift in Sources */,
				CE111DFD1D4FA79A0083C99E /* MinLengthValidatorTests.swift in Sources */,
				CE111DFC1D4FA79A0083C99E /* MaxLengthValidatorTests.swift in Sources */,
				CE111DFB1D4FA79A0083C99E /* EmailValidatorTests.swift in Sources */,
				CE111DAB1D4FA6C20083C99E /* MyUser.swift in Sources */,
				CE111DFA1D4FA79A0083C99E /* CompositeValidatorTests.swift in Sources */,
			);
			runOnlyForDeploymentPostprocessing = 0;
		};
		CEE94A891CA06B1B0089E71B /* Sources */ = {
			isa = PBXSourcesBuildPhase;
			buildActionMask = 2147483647;
			files = (
				CEE94AA21CA06BBC0089E71B /* ExampleSessionService.swift in Sources */,
				CEE94AA11CA06BBC0089E71B /* ExampleMainViewController.swift in Sources */,
				CEE94A901CA06B1B0089E71B /* AppDelegate.swift in Sources */,
			);
			runOnlyForDeploymentPostprocessing = 0;
		};
/* End PBXSourcesBuildPhase section */

/* Begin PBXTargetDependency section */
		9D72AA111C8DC7EB00BB4082 /* PBXTargetDependency */ = {
			isa = PBXTargetDependency;
			target = 9D72AA031C8DC7EA00BB4082 /* Authentication */;
			targetProxy = 9D72AA101C8DC7EB00BB4082 /* PBXContainerItemProxy */;
		};
		CEE94AB11CA06C780089E71B /* PBXTargetDependency */ = {
			isa = PBXTargetDependency;
			target = 9D72AA031C8DC7EA00BB4082 /* Authentication */;
			targetProxy = CEE94AB01CA06C780089E71B /* PBXContainerItemProxy */;
		};
/* End PBXTargetDependency section */

/* Begin PBXVariantGroup section */
		CE5248891D468F8700B499CC /* Localizable.strings */ = {
			isa = PBXVariantGroup;
			children = (
				CE5248881D468F8700B499CC /* en */,
			);
			name = Localizable.strings;
			sourceTree = "<group>";
		};
		CEE226A91C9C4011005EB279 /* Localizable.strings */ = {
			isa = PBXVariantGroup;
			children = (
				CEE226A81C9C4011005EB279 /* en */,
				CEE226AF1C9C726F005EB279 /* Base */,
				CE7A7BBA1D3EA73200C44A25 /* es */,
			);
			name = Localizable.strings;
			path = "Supporting Files";
			sourceTree = "<group>";
		};
		CEE94AA31CA06C3C0089E71B /* LaunchScreen.storyboard */ = {
			isa = PBXVariantGroup;
			children = (
				CEE94AA41CA06C3C0089E71B /* Base */,
				CEF7252B1CA1ADE400A4215A /* en */,
				CEF7252C1CA1ADEB00A4215A /* es */,
			);
			name = LaunchScreen.storyboard;
			sourceTree = "<group>";
		};
		CEE94AA51CA06C3C0089E71B /* Main.storyboard */ = {
			isa = PBXVariantGroup;
			children = (
				CEE94AA61CA06C3C0089E71B /* Base */,
				CEF7252E1CA1ADEF00A4215A /* en */,
				CEF7252F1CA1ADF000A4215A /* es */,
			);
			name = Main.storyboard;
			sourceTree = "<group>";
		};
/* End PBXVariantGroup section */

/* Begin XCBuildConfiguration section */
		9D72AA161C8DC7EB00BB4082 /* Debug */ = {
			isa = XCBuildConfiguration;
			buildSettings = {
				ALWAYS_SEARCH_USER_PATHS = NO;
				CLANG_CXX_LANGUAGE_STANDARD = "gnu++0x";
				CLANG_CXX_LIBRARY = "libc++";
				CLANG_ENABLE_MODULES = YES;
				CLANG_ENABLE_OBJC_ARC = YES;
				CLANG_WARN_BOOL_CONVERSION = YES;
				CLANG_WARN_CONSTANT_CONVERSION = YES;
				CLANG_WARN_DIRECT_OBJC_ISA_USAGE = YES_ERROR;
				CLANG_WARN_EMPTY_BODY = YES;
				CLANG_WARN_ENUM_CONVERSION = YES;
				CLANG_WARN_INT_CONVERSION = YES;
				CLANG_WARN_OBJC_ROOT_CLASS = YES_ERROR;
				CLANG_WARN_UNREACHABLE_CODE = YES;
				CLANG_WARN__DUPLICATE_METHOD_MATCH = YES;
				"CODE_SIGN_IDENTITY[sdk=iphoneos*]" = "iPhone Developer";
				COPY_PHASE_STRIP = NO;
				CURRENT_PROJECT_VERSION = 1;
				DEBUG_INFORMATION_FORMAT = dwarf;
				ENABLE_STRICT_OBJC_MSGSEND = YES;
				ENABLE_TESTABILITY = YES;
				GCC_C_LANGUAGE_STANDARD = gnu99;
				GCC_DYNAMIC_NO_PIC = NO;
				GCC_NO_COMMON_BLOCKS = YES;
				GCC_OPTIMIZATION_LEVEL = 0;
				GCC_PREPROCESSOR_DEFINITIONS = (
					"DEBUG=1",
					"$(inherited)",
				);
				GCC_WARN_64_TO_32_BIT_CONVERSION = YES;
				GCC_WARN_ABOUT_RETURN_TYPE = YES_ERROR;
				GCC_WARN_UNDECLARED_SELECTOR = YES;
				GCC_WARN_UNINITIALIZED_AUTOS = YES_AGGRESSIVE;
				GCC_WARN_UNUSED_FUNCTION = YES;
				GCC_WARN_UNUSED_VARIABLE = YES;
				IPHONEOS_DEPLOYMENT_TARGET = 9.3;
				MTL_ENABLE_DEBUG_INFO = YES;
				ONLY_ACTIVE_ARCH = YES;
				SDKROOT = iphoneos;
				SWIFT_OPTIMIZATION_LEVEL = "-Onone";
				TARGETED_DEVICE_FAMILY = "1,2";
				VERSIONING_SYSTEM = "apple-generic";
				VERSION_INFO_PREFIX = "";
			};
			name = Debug;
		};
		9D72AA171C8DC7EB00BB4082 /* Release */ = {
			isa = XCBuildConfiguration;
			buildSettings = {
				ALWAYS_SEARCH_USER_PATHS = NO;
				CLANG_CXX_LANGUAGE_STANDARD = "gnu++0x";
				CLANG_CXX_LIBRARY = "libc++";
				CLANG_ENABLE_MODULES = YES;
				CLANG_ENABLE_OBJC_ARC = YES;
				CLANG_WARN_BOOL_CONVERSION = YES;
				CLANG_WARN_CONSTANT_CONVERSION = YES;
				CLANG_WARN_DIRECT_OBJC_ISA_USAGE = YES_ERROR;
				CLANG_WARN_EMPTY_BODY = YES;
				CLANG_WARN_ENUM_CONVERSION = YES;
				CLANG_WARN_INT_CONVERSION = YES;
				CLANG_WARN_OBJC_ROOT_CLASS = YES_ERROR;
				CLANG_WARN_UNREACHABLE_CODE = YES;
				CLANG_WARN__DUPLICATE_METHOD_MATCH = YES;
				"CODE_SIGN_IDENTITY[sdk=iphoneos*]" = "iPhone Developer";
				COPY_PHASE_STRIP = NO;
				CURRENT_PROJECT_VERSION = 1;
				DEBUG_INFORMATION_FORMAT = "dwarf-with-dsym";
				ENABLE_NS_ASSERTIONS = NO;
				ENABLE_STRICT_OBJC_MSGSEND = YES;
				GCC_C_LANGUAGE_STANDARD = gnu99;
				GCC_NO_COMMON_BLOCKS = YES;
				GCC_WARN_64_TO_32_BIT_CONVERSION = YES;
				GCC_WARN_ABOUT_RETURN_TYPE = YES_ERROR;
				GCC_WARN_UNDECLARED_SELECTOR = YES;
				GCC_WARN_UNINITIALIZED_AUTOS = YES_AGGRESSIVE;
				GCC_WARN_UNUSED_FUNCTION = YES;
				GCC_WARN_UNUSED_VARIABLE = YES;
				IPHONEOS_DEPLOYMENT_TARGET = 9.3;
				MTL_ENABLE_DEBUG_INFO = NO;
				SDKROOT = iphoneos;
				TARGETED_DEVICE_FAMILY = "1,2";
				VALIDATE_PRODUCT = YES;
				VERSIONING_SYSTEM = "apple-generic";
				VERSION_INFO_PREFIX = "";
			};
			name = Release;
		};
		9D72AA191C8DC7EB00BB4082 /* Debug */ = {
			isa = XCBuildConfiguration;
			buildSettings = {
				CLANG_ENABLE_MODULES = YES;
				DEFINES_MODULE = YES;
				DYLIB_COMPATIBILITY_VERSION = 1;
				DYLIB_CURRENT_VERSION = 1;
				DYLIB_INSTALL_NAME_BASE = "@rpath";
				EMBEDDED_CONTENT_CONTAINS_SWIFT = YES;
				FRAMEWORK_SEARCH_PATHS = (
					"$(inherited)",
					"$(PROJECT_DIR)/Carthage/Build/iOS",
				);
				INFOPLIST_FILE = Authentication/Info.plist;
				INSTALL_PATH = "$(LOCAL_LIBRARY_DIR)/Frameworks";
				LD_RUNPATH_SEARCH_PATHS = "$(inherited) @executable_path/Frameworks @loader_path/Frameworks";
				PRODUCT_BUNDLE_IDENTIFIER = ar.com.wolox.Authentication;
				PRODUCT_NAME = "$(TARGET_NAME)";
				SKIP_INSTALL = YES;
				SWIFT_OPTIMIZATION_LEVEL = "-Onone";
			};
			name = Debug;
		};
		9D72AA1A1C8DC7EB00BB4082 /* Release */ = {
			isa = XCBuildConfiguration;
			buildSettings = {
				CLANG_ENABLE_MODULES = YES;
				DEFINES_MODULE = YES;
				DYLIB_COMPATIBILITY_VERSION = 1;
				DYLIB_CURRENT_VERSION = 1;
				DYLIB_INSTALL_NAME_BASE = "@rpath";
				EMBEDDED_CONTENT_CONTAINS_SWIFT = YES;
				FRAMEWORK_SEARCH_PATHS = (
					"$(inherited)",
					"$(PROJECT_DIR)/Carthage/Build/iOS",
				);
				INFOPLIST_FILE = Authentication/Info.plist;
				INSTALL_PATH = "$(LOCAL_LIBRARY_DIR)/Frameworks";
				LD_RUNPATH_SEARCH_PATHS = "$(inherited) @executable_path/Frameworks @loader_path/Frameworks";
				PRODUCT_BUNDLE_IDENTIFIER = ar.com.wolox.Authentication;
				PRODUCT_NAME = "$(TARGET_NAME)";
				SKIP_INSTALL = YES;
			};
			name = Release;
		};
		9D72AA1C1C8DC7EB00BB4082 /* Debug */ = {
			isa = XCBuildConfiguration;
			buildSettings = {
				CLANG_ENABLE_MODULES = YES;
				FRAMEWORK_SEARCH_PATHS = (
					"$(inherited)",
					"$(PROJECT_DIR)/Carthage/Build/iOS",
				);
				INFOPLIST_FILE = AuthenticationTests/Info.plist;
				LD_RUNPATH_SEARCH_PATHS = "$(inherited) @executable_path/Frameworks @loader_path/Frameworks";
				PRODUCT_BUNDLE_IDENTIFIER = ar.com.wolox.AuthenticationTests;
				PRODUCT_NAME = "$(TARGET_NAME)";
				SWIFT_OBJC_BRIDGING_HEADER = "AuthenticationTests/AuthenticationTests-Bridging-Header.h";
				SWIFT_OPTIMIZATION_LEVEL = "-Onone";
			};
			name = Debug;
		};
		9D72AA1D1C8DC7EB00BB4082 /* Release */ = {
			isa = XCBuildConfiguration;
			buildSettings = {
				CLANG_ENABLE_MODULES = YES;
				FRAMEWORK_SEARCH_PATHS = (
					"$(inherited)",
					"$(PROJECT_DIR)/Carthage/Build/iOS",
				);
				INFOPLIST_FILE = AuthenticationTests/Info.plist;
				LD_RUNPATH_SEARCH_PATHS = "$(inherited) @executable_path/Frameworks @loader_path/Frameworks";
				PRODUCT_BUNDLE_IDENTIFIER = ar.com.wolox.AuthenticationTests;
				PRODUCT_NAME = "$(TARGET_NAME)";
				SWIFT_OBJC_BRIDGING_HEADER = "AuthenticationTests/AuthenticationTests-Bridging-Header.h";
			};
			name = Release;
		};
		CEE94A9C1CA06B1B0089E71B /* Debug */ = {
			isa = XCBuildConfiguration;
			buildSettings = {
				ASSETCATALOG_COMPILER_APPICON_NAME = AppIcon;
				CODE_SIGN_IDENTITY = "iPhone Developer";
				FRAMEWORK_SEARCH_PATHS = (
					"$(inherited)",
					"$(PROJECT_DIR)/Carthage/Build/iOS",
				);
				INFOPLIST_FILE = "$(SRCROOT)/AuthenticationDemo/Info.plist";
				LD_RUNPATH_SEARCH_PATHS = "$(inherited) @executable_path/Frameworks";
				PRODUCT_BUNDLE_IDENTIFIER = ar.com.wolox.AuthenticationDemo;
				PRODUCT_NAME = "$(TARGET_NAME)";
			};
			name = Debug;
		};
		CEE94A9D1CA06B1B0089E71B /* Release */ = {
			isa = XCBuildConfiguration;
			buildSettings = {
				ASSETCATALOG_COMPILER_APPICON_NAME = AppIcon;
				CODE_SIGN_IDENTITY = "iPhone Developer";
				FRAMEWORK_SEARCH_PATHS = (
					"$(inherited)",
					"$(PROJECT_DIR)/Carthage/Build/iOS",
				);
				INFOPLIST_FILE = "$(SRCROOT)/AuthenticationDemo/Info.plist";
				LD_RUNPATH_SEARCH_PATHS = "$(inherited) @executable_path/Frameworks";
				PRODUCT_BUNDLE_IDENTIFIER = ar.com.wolox.AuthenticationDemo;
				PRODUCT_NAME = "$(TARGET_NAME)";
			};
			name = Release;
		};
/* End XCBuildConfiguration section */

/* Begin XCConfigurationList section */
		9D72A9FE1C8DC7EA00BB4082 /* Build configuration list for PBXProject "Authentication" */ = {
			isa = XCConfigurationList;
			buildConfigurations = (
				9D72AA161C8DC7EB00BB4082 /* Debug */,
				9D72AA171C8DC7EB00BB4082 /* Release */,
			);
			defaultConfigurationIsVisible = 0;
			defaultConfigurationName = Release;
		};
		9D72AA181C8DC7EB00BB4082 /* Build configuration list for PBXNativeTarget "Authentication" */ = {
			isa = XCConfigurationList;
			buildConfigurations = (
				9D72AA191C8DC7EB00BB4082 /* Debug */,
				9D72AA1A1C8DC7EB00BB4082 /* Release */,
			);
			defaultConfigurationIsVisible = 0;
			defaultConfigurationName = Release;
		};
		9D72AA1B1C8DC7EB00BB4082 /* Build configuration list for PBXNativeTarget "AuthenticationTests" */ = {
			isa = XCConfigurationList;
			buildConfigurations = (
				9D72AA1C1C8DC7EB00BB4082 /* Debug */,
				9D72AA1D1C8DC7EB00BB4082 /* Release */,
			);
			defaultConfigurationIsVisible = 0;
			defaultConfigurationName = Release;
		};
		CEE94A9E1CA06B1B0089E71B /* Build configuration list for PBXNativeTarget "AuthenticationDemo" */ = {
			isa = XCConfigurationList;
			buildConfigurations = (
				CEE94A9C1CA06B1B0089E71B /* Debug */,
				CEE94A9D1CA06B1B0089E71B /* Release */,
			);
			defaultConfigurationIsVisible = 0;
			defaultConfigurationName = Release;
		};
/* End XCConfigurationList section */
	};
	rootObject = 9D72A9FB1C8DC7EA00BB4082 /* Project object */;
}
